// !$*UTF8*$!
{
	archiveVersion = 1;
	classes = {
	};
	objectVersion = 46;
	objects = {

/* Begin PBXBuildFile section */
		1A88B2641FC3D9C9005C14AE /* Images.xcassets in Resources */ = {isa = PBXBuildFile; fileRef = 1A88B2631FC3D9C9005C14AE /* Images.xcassets */; };
		1AC6FB21180E996B004C840B /* libcocos2d Mac.a in Frameworks */ = {isa = PBXBuildFile; fileRef = 1AC6FAF9180E9839004C840B /* libcocos2d Mac.a */; };
		1AC6FB30180E99EB004C840B /* libcocos2d iOS.a in Frameworks */ = {isa = PBXBuildFile; fileRef = 1AC6FB07180E9839004C840B /* libcocos2d iOS.a */; };
		1AF87B781F6F77F7007BE51C /* AppController.mm in Sources */ = {isa = PBXBuildFile; fileRef = 1AF87B481F6F77D6007BE51C /* AppController.mm */; };
		1AF87B881F6F781D007BE51C /* LaunchScreen.storyboard in Resources */ = {isa = PBXBuildFile; fileRef = 1AF87B591F6F77D6007BE51C /* LaunchScreen.storyboard */; };
		1AF87B891F6F781D007BE51C /* LaunchScreenBackground.png in Resources */ = {isa = PBXBuildFile; fileRef = 1AF87B5A1F6F77D6007BE51C /* LaunchScreenBackground.png */; };
		1AF87B8A1F6F7822007BE51C /* main.m in Sources */ = {isa = PBXBuildFile; fileRef = 1AF87B5B1F6F77D6007BE51C /* main.m */; };
		1AF87B8B1F6F782A007BE51C /* RootViewController.mm in Sources */ = {isa = PBXBuildFile; fileRef = 1AF87B5E1F6F77D6007BE51C /* RootViewController.mm */; };
		1D60589F0D05DD5A006BFB54 /* Foundation.framework in Frameworks */ = {isa = PBXBuildFile; fileRef = 1D30AB110D05D00D00671497 /* Foundation.framework */; };
		1DF5F4E00D08C38300B7A737 /* UIKit.framework in Frameworks */ = {isa = PBXBuildFile; fileRef = 1DF5F4DF0D08C38300B7A737 /* UIKit.framework */; };
		288765A50DF7441C002DB57D /* CoreGraphics.framework in Frameworks */ = {isa = PBXBuildFile; fileRef = 288765A40DF7441C002DB57D /* CoreGraphics.framework */; };
		294D0D641D0D56D500F7F5D4 /* CoreText.framework in Frameworks */ = {isa = PBXBuildFile; fileRef = 294D0D631D0D56D500F7F5D4 /* CoreText.framework */; };
		370511DD211ABEA800F2FE1C /* DialogSettingsLayer.cpp in Sources */ = {isa = PBXBuildFile; fileRef = 370511DB211ABEA800F2FE1C /* DialogSettingsLayer.cpp */; };
		370511E0211BCB0F00F2FE1C /* DialogPersonalCenterLayer.cpp in Sources */ = {isa = PBXBuildFile; fileRef = 370511DE211BCB0F00F2FE1C /* DialogPersonalCenterLayer.cpp */; };
		3705121121226C8000F2FE1C /* libicucore.tbd in Frameworks */ = {isa = PBXBuildFile; fileRef = 3705121021226C8000F2FE1C /* libicucore.tbd */; };
		3705121321226C8D00F2FE1C /* JavaScriptCore.framework in Frameworks */ = {isa = PBXBuildFile; fileRef = 3705121221226C8D00F2FE1C /* JavaScriptCore.framework */; };
		3705121421226C9D00F2FE1C /* libstdc++.tbd in Frameworks */ = {isa = PBXBuildFile; fileRef = 37C2DDB32105E22D0088EC29 /* libstdc++.tbd */; };
		3705123521226DFB00F2FE1C /* WeiboSDK.bundle in Resources */ = {isa = PBXBuildFile; fileRef = 3705121B21226DFB00F2FE1C /* WeiboSDK.bundle */; };
		3705123621226DFB00F2FE1C /* libWeiboSDK.a in Frameworks */ = {isa = PBXBuildFile; fileRef = 3705121C21226DFB00F2FE1C /* libWeiboSDK.a */; };
		3705123721226DFB00F2FE1C /* README.txt in Resources */ = {isa = PBXBuildFile; fileRef = 3705122221226DFB00F2FE1C /* README.txt */; };
		3705123821226DFB00F2FE1C /* libWeChatSDK.a in Frameworks */ = {isa = PBXBuildFile; fileRef = 3705122421226DFB00F2FE1C /* libWeChatSDK.a */; };
		3705123921226DFB00F2FE1C /* TencentOpenAPI.framework in Frameworks */ = {isa = PBXBuildFile; fileRef = 3705122621226DFB00F2FE1C /* TencentOpenAPI.framework */; };
		3705123A21226DFB00F2FE1C /* ShareSDKConnector.framework in Frameworks */ = {isa = PBXBuildFile; fileRef = 3705122821226DFB00F2FE1C /* ShareSDKConnector.framework */; };
		3705123B21226DFB00F2FE1C /* ShareSDK.bundle in Resources */ = {isa = PBXBuildFile; fileRef = 3705122921226DFB00F2FE1C /* ShareSDK.bundle */; };
		3705123C21226DFB00F2FE1C /* ShareSDKUI.bundle in Resources */ = {isa = PBXBuildFile; fileRef = 3705122B21226DFB00F2FE1C /* ShareSDKUI.bundle */; };
		3705123D21226DFB00F2FE1C /* ShareSDKExtension.framework in Frameworks */ = {isa = PBXBuildFile; fileRef = 3705122C21226DFB00F2FE1C /* ShareSDKExtension.framework */; };
		3705123E21226DFB00F2FE1C /* ShareSDKUI.framework in Frameworks */ = {isa = PBXBuildFile; fileRef = 3705122D21226DFB00F2FE1C /* ShareSDKUI.framework */; };
		3705123F21226DFB00F2FE1C /* QQConnector.framework in Frameworks */ = {isa = PBXBuildFile; fileRef = 3705122F21226DFB00F2FE1C /* QQConnector.framework */; };
		3705124021226DFB00F2FE1C /* WechatConnector.framework in Frameworks */ = {isa = PBXBuildFile; fileRef = 3705123021226DFB00F2FE1C /* WechatConnector.framework */; };
		3705124121226DFB00F2FE1C /* SinaWeiboConnector.framework in Frameworks */ = {isa = PBXBuildFile; fileRef = 3705123121226DFB00F2FE1C /* SinaWeiboConnector.framework */; };
		3705124221226DFB00F2FE1C /* ShareSDK.framework in Frameworks */ = {isa = PBXBuildFile; fileRef = 3705123221226DFB00F2FE1C /* ShareSDK.framework */; };
		3705124321226DFB00F2FE1C /* MOBFoundation.framework in Frameworks */ = {isa = PBXBuildFile; fileRef = 3705123421226DFB00F2FE1C /* MOBFoundation.framework */; };
		3705125521226E7D00F2FE1C /* C2DXiOSShareSDK.mm in Sources */ = {isa = PBXBuildFile; fileRef = 3705124921226E7D00F2FE1C /* C2DXiOSShareSDK.mm */; };
		3705125921226E7D00F2FE1C /* C2DXShareSDK.cpp in Sources */ = {isa = PBXBuildFile; fileRef = 3705125421226E7D00F2FE1C /* C2DXShareSDK.cpp */; };
		3705125D212577C700F2FE1C /* Http.cpp in Sources */ = {isa = PBXBuildFile; fileRef = 3705125C212577C600F2FE1C /* Http.cpp */; };
		370A78A22112975000252E8D /* Dialog.plist in Resources */ = {isa = PBXBuildFile; fileRef = 370A78A02112975000252E8D /* Dialog.plist */; };
		370A78A32112975000252E8D /* Dialog.png in Resources */ = {isa = PBXBuildFile; fileRef = 370A78A12112975000252E8D /* Dialog.png */; };
		373335A52179C3BC0087D425 /* Web in Resources */ = {isa = PBXBuildFile; fileRef = 373335A32179C3BC0087D425 /* Web */; };
		373CDF0420FEE98200D77EF2 /* MessageBoxBG.png in Resources */ = {isa = PBXBuildFile; fileRef = 373CDF0220FEE98200D77EF2 /* MessageBoxBG.png */; };
		373CDF0C2100376400D77EF2 /* Empty.png in Resources */ = {isa = PBXBuildFile; fileRef = 373CDF0B2100376400D77EF2 /* Empty.png */; };
		374B2208213530D500822A84 /* CadenceGameMainScene.cpp in Sources */ = {isa = PBXBuildFile; fileRef = 374B2206213530D400822A84 /* CadenceGameMainScene.cpp */; };
		376A5D9F212A517900510F6C /* md5.inl in Resources */ = {isa = PBXBuildFile; fileRef = 376A5D9E212A517900510F6C /* md5.inl */; };
		376A5DA2212A55B900510F6C /* DataTableFile.cpp in Sources */ = {isa = PBXBuildFile; fileRef = 376A5DA0212A55B900510F6C /* DataTableFile.cpp */; };
		376A5DA5212BB71700510F6C /* BaseScene.cpp in Sources */ = {isa = PBXBuildFile; fileRef = 376A5DA4212BB71600510F6C /* BaseScene.cpp */; };
		377750192186E991006518B4 /* DadGuessUpdateScene.cpp in Sources */ = {isa = PBXBuildFile; fileRef = 377750172186E991006518B4 /* DadGuessUpdateScene.cpp */; };
		3777501C2187EFFB006518B4 /* DadGuess.cpp in Sources */ = {isa = PBXBuildFile; fileRef = 3777501A2187EFFA006518B4 /* DadGuess.cpp */; };
		3777501F2187F1B0006518B4 /* DadGuess.png in Resources */ = {isa = PBXBuildFile; fileRef = 3777501D2187F1B0006518B4 /* DadGuess.png */; };
		377750202187F1B0006518B4 /* DadGuess.plist in Resources */ = {isa = PBXBuildFile; fileRef = 3777501E2187F1B0006518B4 /* DadGuess.plist */; };
		37775023218809CF006518B4 /* DataTableCard.cpp in Sources */ = {isa = PBXBuildFile; fileRef = 37775021218809CF006518B4 /* DataTableCard.cpp */; };
		3777502621882509006518B4 /* PianoGameMusicListLayer.cpp in Sources */ = {isa = PBXBuildFile; fileRef = 3777502421882509006518B4 /* PianoGameMusicListLayer.cpp */; };
		379D957E2106D5CD006DA6C1 /* GameController.framework in Frameworks */ = {isa = PBXBuildFile; fileRef = 379D957D2106D5CD006DA6C1 /* GameController.framework */; };
		379D95802106D5E9006DA6C1 /* MediaPlayer.framework in Frameworks */ = {isa = PBXBuildFile; fileRef = 379D957F2106D5E9006DA6C1 /* MediaPlayer.framework */; };
		379D958B21080A8E006DA6C1 /* Cloud.png in Resources */ = {isa = PBXBuildFile; fileRef = 379D958921080A8E006DA6C1 /* Cloud.png */; };
		379D958C21080A8E006DA6C1 /* BackgroundImage.png in Resources */ = {isa = PBXBuildFile; fileRef = 379D958A21080A8E006DA6C1 /* BackgroundImage.png */; };
		379D95E921081D98006DA6C1 /* Main.cpp in Sources */ = {isa = PBXBuildFile; fileRef = 379D95E721081D98006DA6C1 /* Main.cpp */; };
		379D95EC21082419006DA6C1 /* Main.plist in Resources */ = {isa = PBXBuildFile; fileRef = 379D95EA21082418006DA6C1 /* Main.plist */; };
		379D95ED21082419006DA6C1 /* Main.png in Resources */ = {isa = PBXBuildFile; fileRef = 379D95EB21082418006DA6C1 /* Main.png */; };
		379D95F021083F31006DA6C1 /* Login.cpp in Sources */ = {isa = PBXBuildFile; fileRef = 379D95EE21083F30006DA6C1 /* Login.cpp */; };
		379D95F321084A68006DA6C1 /* Login.plist in Resources */ = {isa = PBXBuildFile; fileRef = 379D95F121084A68006DA6C1 /* Login.plist */; };
		379D95F421084A68006DA6C1 /* Login.png in Resources */ = {isa = PBXBuildFile; fileRef = 379D95F221084A68006DA6C1 /* Login.png */; };
		379D95F721097457006DA6C1 /* Dialog.cpp in Sources */ = {isa = PBXBuildFile; fileRef = 379D95F521097457006DA6C1 /* Dialog.cpp */; };
		37B0B969219BAF6100A870E9 /* DataTableCardBatch.cpp in Sources */ = {isa = PBXBuildFile; fileRef = 37B0B967219BAF6100A870E9 /* DataTableCardBatch.cpp */; };
		37B0B96C219D019500A870E9 /* DataTableCardAudio.cpp in Sources */ = {isa = PBXBuildFile; fileRef = 37B0B96A219D019500A870E9 /* DataTableCardAudio.cpp */; };
		37C2DD6721056A5C0088EC29 /* sqlite3.c in Sources */ = {isa = PBXBuildFile; fileRef = 37C2DD6321056A5C0088EC29 /* sqlite3.c */; };
		37C2DDB72106B5210088EC29 /* libc++.tbd in Frameworks */ = {isa = PBXBuildFile; fileRef = 37C2DDB52105E2460088EC29 /* libc++.tbd */; };
		37C2DDB92106B52F0088EC29 /* CFNetwork.framework in Frameworks */ = {isa = PBXBuildFile; fileRef = 37C2DDB82106B52E0088EC29 /* CFNetwork.framework */; };
		37C2DDBB2106B5590088EC29 /* SystemConfiguration.framework in Frameworks */ = {isa = PBXBuildFile; fileRef = 37C2DDBA2106B5590088EC29 /* SystemConfiguration.framework */; };
		37C2DDBD2106B5840088EC29 /* CoreTelephony.framework in Frameworks */ = {isa = PBXBuildFile; fileRef = 37C2DDBC2106B5840088EC29 /* CoreTelephony.framework */; };
		37C2DFB92112FA650086F680 /* RootViewControllerV.mm in Sources */ = {isa = PBXBuildFile; fileRef = 37C2DFB72112FA650086F680 /* RootViewControllerV.mm */; };
		37D7DAEC21198F0700A101E8 /* Common.cpp in Sources */ = {isa = PBXBuildFile; fileRef = 37D7DAE421198F0700A101E8 /* Common.cpp */; };
		37D7DAED21198F0700A101E8 /* Message.cpp in Sources */ = {isa = PBXBuildFile; fileRef = 37D7DAE521198F0700A101E8 /* Message.cpp */; };
		37D7DAEE21198F0700A101E8 /* WebViewScene.cpp in Sources */ = {isa = PBXBuildFile; fileRef = 37D7DAE921198F0700A101E8 /* WebViewScene.cpp */; };
		37D7DAF521198F1200A101E8 /* MainScene.cpp in Sources */ = {isa = PBXBuildFile; fileRef = 37D7DAF121198F1200A101E8 /* MainScene.cpp */; };
		37DD9D6721803B55002855BE /* PianoGameMainScene.cpp in Sources */ = {isa = PBXBuildFile; fileRef = 37DD9D6521803B55002855BE /* PianoGameMainScene.cpp */; };
		37DD9D6A21803C13002855BE /* PianoGame.cpp in Sources */ = {isa = PBXBuildFile; fileRef = 37DD9D6921803C13002855BE /* PianoGame.cpp */; };
		37DD9D6C218040D3002855BE /* PianoGame in Resources */ = {isa = PBXBuildFile; fileRef = 37DD9D6B218040D3002855BE /* PianoGame */; };
		37DD9D71218055DE002855BE /* PianoGame.png in Resources */ = {isa = PBXBuildFile; fileRef = 37DD9D6D218055DE002855BE /* PianoGame.png */; };
		37DD9D72218055DE002855BE /* PianoGameBackground.png in Resources */ = {isa = PBXBuildFile; fileRef = 37DD9D6E218055DE002855BE /* PianoGameBackground.png */; };
		37DD9D73218055DE002855BE /* PianoGameBGRound.png in Resources */ = {isa = PBXBuildFile; fileRef = 37DD9D6F218055DE002855BE /* PianoGameBGRound.png */; };
		37DD9D74218055DE002855BE /* PianoGame.plist in Resources */ = {isa = PBXBuildFile; fileRef = 37DD9D70218055DE002855BE /* PianoGame.plist */; };
		37E2AE79212BE5FB00DB6912 /* UserHead.vert in Resources */ = {isa = PBXBuildFile; fileRef = 37E2AE76212BE5FB00DB6912 /* UserHead.vert */; };
		37E2AE7A212BE5FB00DB6912 /* UserHead.frag in Resources */ = {isa = PBXBuildFile; fileRef = 37E2AE77212BE5FB00DB6912 /* UserHead.frag */; };
		37E2AE7C212C0D3E00DB6912 /* DefaultHead.png in Resources */ = {isa = PBXBuildFile; fileRef = 37E2AE7B212C0D3E00DB6912 /* DefaultHead.png */; };
		37E6FCC920F6F46E0047F458 /* DataTableUser.cpp in Sources */ = {isa = PBXBuildFile; fileRef = 37E6FCC520F6F46E0047F458 /* DataTableUser.cpp */; };
		37E6FCCA20F6F46E0047F458 /* DataBase.cpp in Sources */ = {isa = PBXBuildFile; fileRef = 37E6FCC720F6F46E0047F458 /* DataBase.cpp */; };
		37EAF96F21899EA7004DC9D5 /* PianoGameMusicListScrollView.cpp in Sources */ = {isa = PBXBuildFile; fileRef = 37EAF96D21899EA7004DC9D5 /* PianoGameMusicListScrollView.cpp */; };
		37EAF97321919FED004DC9D5 /* CadenceGameLoaderScene.cpp in Sources */ = {isa = PBXBuildFile; fileRef = 37EAF97121919FEC004DC9D5 /* CadenceGameLoaderScene.cpp */; };
		37EAF97D2192B038004DC9D5 /* CadenceGameScene.cpp in Sources */ = {isa = PBXBuildFile; fileRef = 37EAF97B2192B038004DC9D5 /* CadenceGameScene.cpp */; };
		37EAF97F2192BAAA004DC9D5 /* Cadence in Resources */ = {isa = PBXBuildFile; fileRef = 37EAF97E2192BAA9004DC9D5 /* Cadence */; };
		37EAF9822192BED4004DC9D5 /* CadenceMain.cpp in Sources */ = {isa = PBXBuildFile; fileRef = 37EAF9812192BED4004DC9D5 /* CadenceMain.cpp */; };
		37EAF9852193D8E7004DC9D5 /* CadenceGameMusicListScrollView.cpp in Sources */ = {isa = PBXBuildFile; fileRef = 37EAF9832193D8E7004DC9D5 /* CadenceGameMusicListScrollView.cpp */; };
		3EACC98F19EE6D4300EB3C5E /* res in Resources */ = {isa = PBXBuildFile; fileRef = 3EACC98E19EE6D4300EB3C5E /* res */; };
		3EACC99019EE6D4300EB3C5E /* res in Resources */ = {isa = PBXBuildFile; fileRef = 3EACC98E19EE6D4300EB3C5E /* res */; };
		46880B8819C43A87006E1F66 /* AppDelegate.cpp in Sources */ = {isa = PBXBuildFile; fileRef = 46880B8419C43A87006E1F66 /* AppDelegate.cpp */; };
		46880B8919C43A87006E1F66 /* AppDelegate.cpp in Sources */ = {isa = PBXBuildFile; fileRef = 46880B8419C43A87006E1F66 /* AppDelegate.cpp */; };
		503AE0F817EB97AB00D1A890 /* Icon.icns in Resources */ = {isa = PBXBuildFile; fileRef = 503AE0F617EB97AB00D1A890 /* Icon.icns */; };
		503AE10517EB98FF00D1A890 /* main.cpp in Sources */ = {isa = PBXBuildFile; fileRef = 503AE10317EB98FF00D1A890 /* main.cpp */; };
		503AE11B17EB9C5A00D1A890 /* IOKit.framework in Frameworks */ = {isa = PBXBuildFile; fileRef = 503AE11A17EB9C5A00D1A890 /* IOKit.framework */; };
		5087E76317EB910900C73F5D /* Foundation.framework in Frameworks */ = {isa = PBXBuildFile; fileRef = 1D30AB110D05D00D00671497 /* Foundation.framework */; };
		5087E76717EB910900C73F5D /* libz.dylib in Frameworks */ = {isa = PBXBuildFile; fileRef = BF170DB412928DE900B8313A /* libz.dylib */; };
		5087E76817EB910900C73F5D /* QuartzCore.framework in Frameworks */ = {isa = PBXBuildFile; fileRef = BF1C47EA1293683800B63C5D /* QuartzCore.framework */; };
		5087E76917EB910900C73F5D /* OpenAL.framework in Frameworks */ = {isa = PBXBuildFile; fileRef = D44C620B132DFF330009C878 /* OpenAL.framework */; };
		5087E76A17EB910900C73F5D /* AVFoundation.framework in Frameworks */ = {isa = PBXBuildFile; fileRef = D44C620D132DFF430009C878 /* AVFoundation.framework */; };
		5087E76B17EB910900C73F5D /* AudioToolbox.framework in Frameworks */ = {isa = PBXBuildFile; fileRef = D44C620F132DFF4E0009C878 /* AudioToolbox.framework */; };
		5087E78917EB974C00C73F5D /* AppKit.framework in Frameworks */ = {isa = PBXBuildFile; fileRef = 5087E78817EB974C00C73F5D /* AppKit.framework */; };
		5087E78B17EB975400C73F5D /* OpenGL.framework in Frameworks */ = {isa = PBXBuildFile; fileRef = 5087E78A17EB975400C73F5D /* OpenGL.framework */; };
		521A8EA919F11F5000D177D7 /* fonts in Resources */ = {isa = PBXBuildFile; fileRef = 521A8EA819F11F5000D177D7 /* fonts */; };
		521A8EAA19F11F5000D177D7 /* fonts in Resources */ = {isa = PBXBuildFile; fileRef = 521A8EA819F11F5000D177D7 /* fonts */; };
		52B47A471A53D09C004E4C60 /* Security.framework in Frameworks */ = {isa = PBXBuildFile; fileRef = 52B47A461A53D09B004E4C60 /* Security.framework */; };
		8262943E1AAF051F00CB7CF7 /* Security.framework in Frameworks */ = {isa = PBXBuildFile; fileRef = 8262943D1AAF051F00CB7CF7 /* Security.framework */; };
		BF171245129291EC00B8313A /* OpenGLES.framework in Frameworks */ = {isa = PBXBuildFile; fileRef = BF170DB012928DE900B8313A /* OpenGLES.framework */; };
		BF1712471292920000B8313A /* libz.dylib in Frameworks */ = {isa = PBXBuildFile; fileRef = BF170DB412928DE900B8313A /* libz.dylib */; };
		BF1C47F01293687400B63C5D /* QuartzCore.framework in Frameworks */ = {isa = PBXBuildFile; fileRef = BF1C47EA1293683800B63C5D /* QuartzCore.framework */; };
		D44C620C132DFF330009C878 /* OpenAL.framework in Frameworks */ = {isa = PBXBuildFile; fileRef = D44C620B132DFF330009C878 /* OpenAL.framework */; };
		D44C620E132DFF430009C878 /* AVFoundation.framework in Frameworks */ = {isa = PBXBuildFile; fileRef = D44C620D132DFF430009C878 /* AVFoundation.framework */; };
		D44C6210132DFF4E0009C878 /* AudioToolbox.framework in Frameworks */ = {isa = PBXBuildFile; fileRef = D44C620F132DFF4E0009C878 /* AudioToolbox.framework */; };
		D6B0611B1803AB670077942B /* CoreMotion.framework in Frameworks */ = {isa = PBXBuildFile; fileRef = D6B0611A1803AB670077942B /* CoreMotion.framework */; };
		D8B23D5720EB3F5700EB4F2E /* LoginScene.cpp in Sources */ = {isa = PBXBuildFile; fileRef = D8B23D5520EB3F5600EB4F2E /* LoginScene.cpp */; };
		D8B23D5D20EB61D100EB4F2E /* Back.png in Resources */ = {isa = PBXBuildFile; fileRef = D8B23D5C20EB61D100EB4F2E /* Back.png */; };
		ED545A7C1B68A1F400C3958E /* libiconv.dylib in Frameworks */ = {isa = PBXBuildFile; fileRef = ED545A7B1B68A1F400C3958E /* libiconv.dylib */; };
		ED545A7E1B68A1FA00C3958E /* libiconv.dylib in Frameworks */ = {isa = PBXBuildFile; fileRef = ED545A7D1B68A1FA00C3958E /* libiconv.dylib */; };
/* End PBXBuildFile section */

/* Begin PBXContainerItemProxy section */
		1A7533E21F6F75F6007E8E6F /* PBXContainerItemProxy */ = {
			isa = PBXContainerItemProxy;
			containerPortal = 1AC6FAE5180E9839004C840B /* cocos2d_libs.xcodeproj */;
			proxyType = 2;
			remoteGlobalIDString = 507B40FD1C31BDD30067B53E;
			remoteInfo = "libcocos2d tvOS";
		};
		1AC6FAF8180E9839004C840B /* PBXContainerItemProxy */ = {
			isa = PBXContainerItemProxy;
			containerPortal = 1AC6FAE5180E9839004C840B /* cocos2d_libs.xcodeproj */;
			proxyType = 2;
			remoteGlobalIDString = 1551A33F158F2AB200E66CFE;
			remoteInfo = "cocos2dx Mac";
		};
		1AC6FB06180E9839004C840B /* PBXContainerItemProxy */ = {
			isa = PBXContainerItemProxy;
			containerPortal = 1AC6FAE5180E9839004C840B /* cocos2d_libs.xcodeproj */;
			proxyType = 2;
			remoteGlobalIDString = A07A4D641783777C0073F6A7;
			remoteInfo = "cocos2dx iOS";
		};
		1AC6FB15180E9959004C840B /* PBXContainerItemProxy */ = {
			isa = PBXContainerItemProxy;
			containerPortal = 1AC6FAE5180E9839004C840B /* cocos2d_libs.xcodeproj */;
			proxyType = 1;
			remoteGlobalIDString = 1551A33E158F2AB200E66CFE;
			remoteInfo = "cocos2dx Mac";
		};
		1AC6FB24180E99E1004C840B /* PBXContainerItemProxy */ = {
			isa = PBXContainerItemProxy;
			containerPortal = 1AC6FAE5180E9839004C840B /* cocos2d_libs.xcodeproj */;
			proxyType = 1;
			remoteGlobalIDString = A07A4C241783777C0073F6A7;
			remoteInfo = "cocos2dx iOS";
		};
/* End PBXContainerItemProxy section */

/* Begin PBXFileReference section */
		1A88B2631FC3D9C9005C14AE /* Images.xcassets */ = {isa = PBXFileReference; lastKnownFileType = folder.assetcatalog; path = Images.xcassets; sourceTree = "<group>"; };
		1AC6FAE5180E9839004C840B /* cocos2d_libs.xcodeproj */ = {isa = PBXFileReference; lastKnownFileType = "wrapper.pb-project"; name = cocos2d_libs.xcodeproj; path = ../cocos2d/build/cocos2d_libs.xcodeproj; sourceTree = "<group>"; };
		1ACB3243164770DE00914215 /* libcurl.a */ = {isa = PBXFileReference; lastKnownFileType = archive.ar; name = libcurl.a; path = ../../cocos2dx/platform/third_party/ios/libraries/libcurl.a; sourceTree = "<group>"; };
		1AF87B471F6F77D6007BE51C /* AppController.h */ = {isa = PBXFileReference; lastKnownFileType = sourcecode.c.h; path = AppController.h; sourceTree = "<group>"; };
		1AF87B481F6F77D6007BE51C /* AppController.mm */ = {isa = PBXFileReference; lastKnownFileType = sourcecode.cpp.objcpp; path = AppController.mm; sourceTree = "<group>"; };
		1AF87B581F6F77D6007BE51C /* Info.plist */ = {isa = PBXFileReference; lastKnownFileType = text.plist.xml; path = Info.plist; sourceTree = "<group>"; };
		1AF87B591F6F77D6007BE51C /* LaunchScreen.storyboard */ = {isa = PBXFileReference; lastKnownFileType = file.storyboard; path = LaunchScreen.storyboard; sourceTree = "<group>"; };
		1AF87B5A1F6F77D6007BE51C /* LaunchScreenBackground.png */ = {isa = PBXFileReference; lastKnownFileType = image.png; path = LaunchScreenBackground.png; sourceTree = "<group>"; };
		1AF87B5B1F6F77D6007BE51C /* main.m */ = {isa = PBXFileReference; lastKnownFileType = sourcecode.c.objc; path = main.m; sourceTree = "<group>"; };
		1AF87B5C1F6F77D6007BE51C /* Prefix.pch */ = {isa = PBXFileReference; lastKnownFileType = sourcecode.c.h; path = Prefix.pch; sourceTree = "<group>"; };
		1AF87B5D1F6F77D6007BE51C /* RootViewController.h */ = {isa = PBXFileReference; lastKnownFileType = sourcecode.c.h; path = RootViewController.h; sourceTree = "<group>"; };
		1AF87B5E1F6F77D6007BE51C /* RootViewController.mm */ = {isa = PBXFileReference; lastKnownFileType = sourcecode.cpp.objcpp; path = RootViewController.mm; sourceTree = "<group>"; };
		1D30AB110D05D00D00671497 /* Foundation.framework */ = {isa = PBXFileReference; lastKnownFileType = wrapper.framework; name = Foundation.framework; path = System/Library/Frameworks/Foundation.framework; sourceTree = SDKROOT; };
		1D6058910D05DD3D006BFB54 /* dadpat-mobile.app */ = {isa = PBXFileReference; explicitFileType = wrapper.application; includeInIndex = 0; path = "dadpat-mobile.app"; sourceTree = BUILT_PRODUCTS_DIR; };
		1DF5F4DF0D08C38300B7A737 /* UIKit.framework */ = {isa = PBXFileReference; lastKnownFileType = wrapper.framework; name = UIKit.framework; path = System/Library/Frameworks/UIKit.framework; sourceTree = SDKROOT; };
		288765A40DF7441C002DB57D /* CoreGraphics.framework */ = {isa = PBXFileReference; lastKnownFileType = wrapper.framework; name = CoreGraphics.framework; path = System/Library/Frameworks/CoreGraphics.framework; sourceTree = SDKROOT; };
		294D0D631D0D56D500F7F5D4 /* CoreText.framework */ = {isa = PBXFileReference; lastKnownFileType = wrapper.framework; name = CoreText.framework; path = Platforms/iPhoneOS.platform/Developer/SDKs/iPhoneOS.sdk/System/Library/Frameworks/CoreText.framework; sourceTree = DEVELOPER_DIR; };
		370511DB211ABEA800F2FE1C /* DialogSettingsLayer.cpp */ = {isa = PBXFileReference; lastKnownFileType = sourcecode.cpp.cpp; path = DialogSettingsLayer.cpp; sourceTree = "<group>"; };
		370511DC211ABEA800F2FE1C /* DialogSettingsLayer.h */ = {isa = PBXFileReference; lastKnownFileType = sourcecode.c.h; path = DialogSettingsLayer.h; sourceTree = "<group>"; };
		370511DE211BCB0F00F2FE1C /* DialogPersonalCenterLayer.cpp */ = {isa = PBXFileReference; lastKnownFileType = sourcecode.cpp.cpp; path = DialogPersonalCenterLayer.cpp; sourceTree = "<group>"; };
		370511DF211BCB0F00F2FE1C /* DialogPersonalCenterLayer.h */ = {isa = PBXFileReference; lastKnownFileType = sourcecode.c.h; path = DialogPersonalCenterLayer.h; sourceTree = "<group>"; };
		370511E1211BCC0500F2FE1C /* DialogLayerInterface.h */ = {isa = PBXFileReference; lastKnownFileType = sourcecode.c.h; path = DialogLayerInterface.h; sourceTree = "<group>"; };
		3705121021226C8000F2FE1C /* libicucore.tbd */ = {isa = PBXFileReference; lastKnownFileType = "sourcecode.text-based-dylib-definition"; name = libicucore.tbd; path = Platforms/iPhoneOS.platform/Developer/SDKs/iPhoneOS11.4.sdk/usr/lib/libicucore.tbd; sourceTree = DEVELOPER_DIR; };
		3705121221226C8D00F2FE1C /* JavaScriptCore.framework */ = {isa = PBXFileReference; lastKnownFileType = wrapper.framework; name = JavaScriptCore.framework; path = Platforms/iPhoneOS.platform/Developer/SDKs/iPhoneOS11.4.sdk/System/Library/Frameworks/JavaScriptCore.framework; sourceTree = DEVELOPER_DIR; };
		3705121B21226DFB00F2FE1C /* WeiboSDK.bundle */ = {isa = PBXFileReference; lastKnownFileType = "wrapper.plug-in"; path = WeiboSDK.bundle; sourceTree = "<group>"; };
		3705121C21226DFB00F2FE1C /* libWeiboSDK.a */ = {isa = PBXFileReference; lastKnownFileType = archive.ar; path = libWeiboSDK.a; sourceTree = "<group>"; };
		3705121D21226DFB00F2FE1C /* WBHttpRequest.h */ = {isa = PBXFileReference; fileEncoding = 4; lastKnownFileType = sourcecode.c.h; path = WBHttpRequest.h; sourceTree = "<group>"; };
		3705121E21226DFB00F2FE1C /* WeiboSDK.h */ = {isa = PBXFileReference; fileEncoding = 4; lastKnownFileType = sourcecode.c.h; path = WeiboSDK.h; sourceTree = "<group>"; };
		3705122021226DFB00F2FE1C /* WXApi.h */ = {isa = PBXFileReference; fileEncoding = 4; lastKnownFileType = sourcecode.c.h; path = WXApi.h; sourceTree = "<group>"; };
		3705122121226DFB00F2FE1C /* WXApiObject.h */ = {isa = PBXFileReference; fileEncoding = 4; lastKnownFileType = sourcecode.c.h; path = WXApiObject.h; sourceTree = "<group>"; };
		3705122221226DFB00F2FE1C /* README.txt */ = {isa = PBXFileReference; fileEncoding = 4; lastKnownFileType = text; path = README.txt; sourceTree = "<group>"; };
		3705122321226DFB00F2FE1C /* WechatAuthSDK.h */ = {isa = PBXFileReference; fileEncoding = 4; lastKnownFileType = sourcecode.c.h; path = WechatAuthSDK.h; sourceTree = "<group>"; };
		3705122421226DFB00F2FE1C /* libWeChatSDK.a */ = {isa = PBXFileReference; lastKnownFileType = archive.ar; path = libWeChatSDK.a; sourceTree = "<group>"; };
		3705122621226DFB00F2FE1C /* TencentOpenAPI.framework */ = {isa = PBXFileReference; lastKnownFileType = wrapper.framework; path = TencentOpenAPI.framework; sourceTree = "<group>"; };
		3705122821226DFB00F2FE1C /* ShareSDKConnector.framework */ = {isa = PBXFileReference; lastKnownFileType = wrapper.framework; path = ShareSDKConnector.framework; sourceTree = "<group>"; };
		3705122921226DFB00F2FE1C /* ShareSDK.bundle */ = {isa = PBXFileReference; lastKnownFileType = "wrapper.plug-in"; path = ShareSDK.bundle; sourceTree = "<group>"; };
		3705122B21226DFB00F2FE1C /* ShareSDKUI.bundle */ = {isa = PBXFileReference; lastKnownFileType = "wrapper.plug-in"; path = ShareSDKUI.bundle; sourceTree = "<group>"; };
		3705122C21226DFB00F2FE1C /* ShareSDKExtension.framework */ = {isa = PBXFileReference; lastKnownFileType = wrapper.framework; path = ShareSDKExtension.framework; sourceTree = "<group>"; };
		3705122D21226DFB00F2FE1C /* ShareSDKUI.framework */ = {isa = PBXFileReference; lastKnownFileType = wrapper.framework; path = ShareSDKUI.framework; sourceTree = "<group>"; };
		3705122F21226DFB00F2FE1C /* QQConnector.framework */ = {isa = PBXFileReference; lastKnownFileType = wrapper.framework; path = QQConnector.framework; sourceTree = "<group>"; };
		3705123021226DFB00F2FE1C /* WechatConnector.framework */ = {isa = PBXFileReference; lastKnownFileType = wrapper.framework; path = WechatConnector.framework; sourceTree = "<group>"; };
		3705123121226DFB00F2FE1C /* SinaWeiboConnector.framework */ = {isa = PBXFileReference; lastKnownFileType = wrapper.framework; path = SinaWeiboConnector.framework; sourceTree = "<group>"; };
		3705123221226DFB00F2FE1C /* ShareSDK.framework */ = {isa = PBXFileReference; lastKnownFileType = wrapper.framework; path = ShareSDK.framework; sourceTree = "<group>"; };
		3705123421226DFB00F2FE1C /* MOBFoundation.framework */ = {isa = PBXFileReference; lastKnownFileType = wrapper.framework; path = MOBFoundation.framework; sourceTree = "<group>"; };
		3705124521226E7D00F2FE1C /* C2DXShareSDKTypeDef.h */ = {isa = PBXFileReference; fileEncoding = 4; lastKnownFileType = sourcecode.c.h; path = C2DXShareSDKTypeDef.h; sourceTree = "<group>"; };
		3705124621226E7D00F2FE1C /* C2DXShareSDK.h */ = {isa = PBXFileReference; fileEncoding = 4; lastKnownFileType = sourcecode.c.h; path = C2DXShareSDK.h; sourceTree = "<group>"; };
		3705124821226E7D00F2FE1C /* C2DXiOSShareSDK.h */ = {isa = PBXFileReference; fileEncoding = 4; lastKnownFileType = sourcecode.c.h; path = C2DXiOSShareSDK.h; sourceTree = "<group>"; };
		3705124921226E7D00F2FE1C /* C2DXiOSShareSDK.mm */ = {isa = PBXFileReference; fileEncoding = 4; lastKnownFileType = sourcecode.cpp.objcpp; path = C2DXiOSShareSDK.mm; sourceTree = "<group>"; };
		3705125421226E7D00F2FE1C /* C2DXShareSDK.cpp */ = {isa = PBXFileReference; fileEncoding = 4; lastKnownFileType = sourcecode.cpp.cpp; path = C2DXShareSDK.cpp; sourceTree = "<group>"; };
		3705125B212577C600F2FE1C /* Http.h */ = {isa = PBXFileReference; fileEncoding = 4; lastKnownFileType = sourcecode.c.h; path = Http.h; sourceTree = "<group>"; };
		3705125C212577C600F2FE1C /* Http.cpp */ = {isa = PBXFileReference; fileEncoding = 4; lastKnownFileType = sourcecode.cpp.cpp; path = Http.cpp; sourceTree = "<group>"; };
		370A78A02112975000252E8D /* Dialog.plist */ = {isa = PBXFileReference; fileEncoding = 4; lastKnownFileType = text.plist.xml; path = Dialog.plist; sourceTree = "<group>"; };
		370A78A12112975000252E8D /* Dialog.png */ = {isa = PBXFileReference; lastKnownFileType = image.png; path = Dialog.png; sourceTree = "<group>"; };
		373335A32179C3BC0087D425 /* Web */ = {isa = PBXFileReference; lastKnownFileType = folder; path = Web; sourceTree = "<group>"; };
		373CDF0220FEE98200D77EF2 /* MessageBoxBG.png */ = {isa = PBXFileReference; lastKnownFileType = image.png; path = MessageBoxBG.png; sourceTree = "<group>"; };
		373CDF0920FF311600D77EF2 /* DataValidate.h */ = {isa = PBXFileReference; lastKnownFileType = sourcecode.c.h; path = DataValidate.h; sourceTree = "<group>"; };
		373CDF0B2100376400D77EF2 /* Empty.png */ = {isa = PBXFileReference; lastKnownFileType = image.png; path = Empty.png; sourceTree = "<group>"; };
		374B2206213530D400822A84 /* CadenceGameMainScene.cpp */ = {isa = PBXFileReference; fileEncoding = 4; lastKnownFileType = sourcecode.cpp.cpp; path = CadenceGameMainScene.cpp; sourceTree = "<group>"; };
		374B2207213530D400822A84 /* CadenceGameMainScene.h */ = {isa = PBXFileReference; fileEncoding = 4; lastKnownFileType = sourcecode.c.h; path = CadenceGameMainScene.h; sourceTree = "<group>"; };
		376A5D9B212A516E00510F6C /* md5.hpp */ = {isa = PBXFileReference; fileEncoding = 4; lastKnownFileType = sourcecode.cpp.h; path = md5.hpp; sourceTree = "<group>"; };
		376A5D9E212A517900510F6C /* md5.inl */ = {isa = PBXFileReference; fileEncoding = 4; lastKnownFileType = text; path = md5.inl; sourceTree = "<group>"; };
		376A5DA0212A55B900510F6C /* DataTableFile.cpp */ = {isa = PBXFileReference; lastKnownFileType = sourcecode.cpp.cpp; path = DataTableFile.cpp; sourceTree = "<group>"; };
		376A5DA1212A55B900510F6C /* DataTableFile.h */ = {isa = PBXFileReference; lastKnownFileType = sourcecode.c.h; path = DataTableFile.h; sourceTree = "<group>"; };
		376A5DA3212BB71600510F6C /* BaseScene.h */ = {isa = PBXFileReference; fileEncoding = 4; lastKnownFileType = sourcecode.c.h; path = BaseScene.h; sourceTree = "<group>"; };
		376A5DA4212BB71600510F6C /* BaseScene.cpp */ = {isa = PBXFileReference; fileEncoding = 4; lastKnownFileType = sourcecode.cpp.cpp; path = BaseScene.cpp; sourceTree = "<group>"; };
		377750172186E991006518B4 /* DadGuessUpdateScene.cpp */ = {isa = PBXFileReference; lastKnownFileType = sourcecode.cpp.cpp; path = DadGuessUpdateScene.cpp; sourceTree = "<group>"; };
		377750182186E991006518B4 /* DadGuessUpdateScene.h */ = {isa = PBXFileReference; lastKnownFileType = sourcecode.c.h; path = DadGuessUpdateScene.h; sourceTree = "<group>"; };
		3777501A2187EFFA006518B4 /* DadGuess.cpp */ = {isa = PBXFileReference; fileEncoding = 4; lastKnownFileType = sourcecode.cpp.cpp; path = DadGuess.cpp; sourceTree = "<group>"; };
		3777501B2187EFFB006518B4 /* DadGuess.hpp */ = {isa = PBXFileReference; fileEncoding = 4; lastKnownFileType = sourcecode.cpp.h; path = DadGuess.hpp; sourceTree = "<group>"; };
		3777501D2187F1B0006518B4 /* DadGuess.png */ = {isa = PBXFileReference; lastKnownFileType = image.png; path = DadGuess.png; sourceTree = "<group>"; };
		3777501E2187F1B0006518B4 /* DadGuess.plist */ = {isa = PBXFileReference; fileEncoding = 4; lastKnownFileType = text.plist.xml; path = DadGuess.plist; sourceTree = "<group>"; };
		37775021218809CF006518B4 /* DataTableCard.cpp */ = {isa = PBXFileReference; lastKnownFileType = sourcecode.cpp.cpp; path = DataTableCard.cpp; sourceTree = "<group>"; };
		37775022218809CF006518B4 /* DataTableCard.h */ = {isa = PBXFileReference; lastKnownFileType = sourcecode.c.h; path = DataTableCard.h; sourceTree = "<group>"; };
		3777502421882509006518B4 /* PianoGameMusicListLayer.cpp */ = {isa = PBXFileReference; lastKnownFileType = sourcecode.cpp.cpp; path = PianoGameMusicListLayer.cpp; sourceTree = "<group>"; };
		3777502521882509006518B4 /* PianoGameMusicListLayer.h */ = {isa = PBXFileReference; lastKnownFileType = sourcecode.c.h; path = PianoGameMusicListLayer.h; sourceTree = "<group>"; };
		379D957D2106D5CD006DA6C1 /* GameController.framework */ = {isa = PBXFileReference; lastKnownFileType = wrapper.framework; name = GameController.framework; path = Platforms/iPhoneOS.platform/Developer/SDKs/iPhoneOS11.4.sdk/System/Library/Frameworks/GameController.framework; sourceTree = DEVELOPER_DIR; };
		379D957F2106D5E9006DA6C1 /* MediaPlayer.framework */ = {isa = PBXFileReference; lastKnownFileType = wrapper.framework; name = MediaPlayer.framework; path = Platforms/iPhoneOS.platform/Developer/SDKs/iPhoneOS11.4.sdk/System/Library/Frameworks/MediaPlayer.framework; sourceTree = DEVELOPER_DIR; };
		379D958921080A8E006DA6C1 /* Cloud.png */ = {isa = PBXFileReference; lastKnownFileType = image.png; path = Cloud.png; sourceTree = "<group>"; };
		379D958A21080A8E006DA6C1 /* BackgroundImage.png */ = {isa = PBXFileReference; lastKnownFileType = image.png; path = BackgroundImage.png; sourceTree = "<group>"; };
		379D95E721081D98006DA6C1 /* Main.cpp */ = {isa = PBXFileReference; fileEncoding = 4; lastKnownFileType = sourcecode.cpp.cpp; path = Main.cpp; sourceTree = "<group>"; };
		379D95E821081D98006DA6C1 /* Main.hpp */ = {isa = PBXFileReference; fileEncoding = 4; lastKnownFileType = sourcecode.cpp.h; path = Main.hpp; sourceTree = "<group>"; };
		379D95EA21082418006DA6C1 /* Main.plist */ = {isa = PBXFileReference; fileEncoding = 4; lastKnownFileType = text.plist.xml; path = Main.plist; sourceTree = "<group>"; };
		379D95EB21082418006DA6C1 /* Main.png */ = {isa = PBXFileReference; lastKnownFileType = image.png; path = Main.png; sourceTree = "<group>"; };
		379D95EE21083F30006DA6C1 /* Login.cpp */ = {isa = PBXFileReference; fileEncoding = 4; lastKnownFileType = sourcecode.cpp.cpp; path = Login.cpp; sourceTree = "<group>"; };
		379D95EF21083F31006DA6C1 /* Login.hpp */ = {isa = PBXFileReference; fileEncoding = 4; lastKnownFileType = sourcecode.cpp.h; path = Login.hpp; sourceTree = "<group>"; };
		379D95F121084A68006DA6C1 /* Login.plist */ = {isa = PBXFileReference; fileEncoding = 4; lastKnownFileType = text.plist.xml; path = Login.plist; sourceTree = "<group>"; };
		379D95F221084A68006DA6C1 /* Login.png */ = {isa = PBXFileReference; lastKnownFileType = image.png; path = Login.png; sourceTree = "<group>"; };
		379D95F521097457006DA6C1 /* Dialog.cpp */ = {isa = PBXFileReference; fileEncoding = 4; lastKnownFileType = sourcecode.cpp.cpp; path = Dialog.cpp; sourceTree = "<group>"; };
		379D95F621097457006DA6C1 /* Dialog.hpp */ = {isa = PBXFileReference; fileEncoding = 4; lastKnownFileType = sourcecode.cpp.h; path = Dialog.hpp; sourceTree = "<group>"; };
		37B0B967219BAF6100A870E9 /* DataTableCardBatch.cpp */ = {isa = PBXFileReference; lastKnownFileType = sourcecode.cpp.cpp; path = DataTableCardBatch.cpp; sourceTree = "<group>"; };
		37B0B968219BAF6100A870E9 /* DataTableCardBatch.h */ = {isa = PBXFileReference; lastKnownFileType = sourcecode.c.h; path = DataTableCardBatch.h; sourceTree = "<group>"; };
		37B0B96A219D019500A870E9 /* DataTableCardAudio.cpp */ = {isa = PBXFileReference; lastKnownFileType = sourcecode.cpp.cpp; path = DataTableCardAudio.cpp; sourceTree = "<group>"; };
		37B0B96B219D019500A870E9 /* DataTableCardAudio.h */ = {isa = PBXFileReference; lastKnownFileType = sourcecode.c.h; path = DataTableCardAudio.h; sourceTree = "<group>"; };
		37C2DD6321056A5C0088EC29 /* sqlite3.c */ = {isa = PBXFileReference; fileEncoding = 4; lastKnownFileType = sourcecode.c.c; path = sqlite3.c; sourceTree = "<group>"; };
		37C2DD6521056A5C0088EC29 /* sqlite3.h */ = {isa = PBXFileReference; fileEncoding = 4; lastKnownFileType = sourcecode.c.h; path = sqlite3.h; sourceTree = "<group>"; };
		37C2DD6621056A5C0088EC29 /* sqlite3ext.h */ = {isa = PBXFileReference; fileEncoding = 4; lastKnownFileType = sourcecode.c.h; path = sqlite3ext.h; sourceTree = "<group>"; };
		37C2DDAE2105D9EC0088EC29 /* libWeChatSDK.a */ = {isa = PBXFileReference; lastKnownFileType = archive.ar; name = libWeChatSDK.a; path = ios/WechtSDK1.8.2_NoPay/libWeChatSDK.a; sourceTree = "<group>"; };
		37C2DDB32105E22D0088EC29 /* libstdc++.tbd */ = {isa = PBXFileReference; lastKnownFileType = "sourcecode.text-based-dylib-definition"; name = "libstdc++.tbd"; path = "Platforms/iPhoneOS.platform/Developer/SDKs/iPhoneOS11.4.sdk/usr/lib/libstdc++.tbd"; sourceTree = DEVELOPER_DIR; };
		37C2DDB52105E2460088EC29 /* libc++.tbd */ = {isa = PBXFileReference; lastKnownFileType = "sourcecode.text-based-dylib-definition"; name = "libc++.tbd"; path = "Platforms/iPhoneOS.platform/Developer/SDKs/iPhoneOS11.4.sdk/usr/lib/libc++.tbd"; sourceTree = DEVELOPER_DIR; };
		37C2DDB82106B52E0088EC29 /* CFNetwork.framework */ = {isa = PBXFileReference; lastKnownFileType = wrapper.framework; name = CFNetwork.framework; path = Platforms/iPhoneOS.platform/Developer/SDKs/iPhoneOS11.4.sdk/System/Library/Frameworks/CFNetwork.framework; sourceTree = DEVELOPER_DIR; };
		37C2DDBA2106B5590088EC29 /* SystemConfiguration.framework */ = {isa = PBXFileReference; lastKnownFileType = wrapper.framework; name = SystemConfiguration.framework; path = Platforms/iPhoneOS.platform/Developer/SDKs/iPhoneOS11.4.sdk/System/Library/Frameworks/SystemConfiguration.framework; sourceTree = DEVELOPER_DIR; };
		37C2DDBC2106B5840088EC29 /* CoreTelephony.framework */ = {isa = PBXFileReference; lastKnownFileType = wrapper.framework; name = CoreTelephony.framework; path = Platforms/iPhoneOS.platform/Developer/SDKs/iPhoneOS11.4.sdk/System/Library/Frameworks/CoreTelephony.framework; sourceTree = DEVELOPER_DIR; };
		37C2DFB72112FA650086F680 /* RootViewControllerV.mm */ = {isa = PBXFileReference; fileEncoding = 4; lastKnownFileType = sourcecode.cpp.objcpp; path = RootViewControllerV.mm; sourceTree = "<group>"; };
		37C2DFB82112FA650086F680 /* RootViewControllerV.h */ = {isa = PBXFileReference; fileEncoding = 4; lastKnownFileType = sourcecode.c.h; path = RootViewControllerV.h; sourceTree = "<group>"; };
		37D0408620F8457A00C34F12 /* Config.h */ = {isa = PBXFileReference; fileEncoding = 4; lastKnownFileType = sourcecode.c.h; path = Config.h; sourceTree = "<group>"; };
		37D7DAE421198F0700A101E8 /* Common.cpp */ = {isa = PBXFileReference; fileEncoding = 4; lastKnownFileType = sourcecode.cpp.cpp; path = Common.cpp; sourceTree = "<group>"; };
		37D7DAE521198F0700A101E8 /* Message.cpp */ = {isa = PBXFileReference; fileEncoding = 4; lastKnownFileType = sourcecode.cpp.cpp; path = Message.cpp; sourceTree = "<group>"; };
		37D7DAE621198F0700A101E8 /* Message.h */ = {isa = PBXFileReference; fileEncoding = 4; lastKnownFileType = sourcecode.c.h; path = Message.h; sourceTree = "<group>"; };
		37D7DAE721198F0700A101E8 /* WebViewScene.h */ = {isa = PBXFileReference; fileEncoding = 4; lastKnownFileType = sourcecode.c.h; path = WebViewScene.h; sourceTree = "<group>"; };
		37D7DAE921198F0700A101E8 /* WebViewScene.cpp */ = {isa = PBXFileReference; fileEncoding = 4; lastKnownFileType = sourcecode.cpp.cpp; path = WebViewScene.cpp; sourceTree = "<group>"; };
		37D7DAEA21198F0700A101E8 /* Common.h */ = {isa = PBXFileReference; fileEncoding = 4; lastKnownFileType = sourcecode.c.h; path = Common.h; sourceTree = "<group>"; };
		37D7DAF121198F1200A101E8 /* MainScene.cpp */ = {isa = PBXFileReference; fileEncoding = 4; lastKnownFileType = sourcecode.cpp.cpp; path = MainScene.cpp; sourceTree = "<group>"; };
		37D7DAF221198F1200A101E8 /* MainScene.h */ = {isa = PBXFileReference; fileEncoding = 4; lastKnownFileType = sourcecode.c.h; path = MainScene.h; sourceTree = "<group>"; };
		37DD9D6521803B55002855BE /* PianoGameMainScene.cpp */ = {isa = PBXFileReference; fileEncoding = 4; lastKnownFileType = sourcecode.cpp.cpp; path = PianoGameMainScene.cpp; sourceTree = "<group>"; };
		37DD9D6621803B55002855BE /* PianoGameMainScene.h */ = {isa = PBXFileReference; fileEncoding = 4; lastKnownFileType = sourcecode.c.h; path = PianoGameMainScene.h; sourceTree = "<group>"; };
		37DD9D6821803C13002855BE /* PianoGame.hpp */ = {isa = PBXFileReference; fileEncoding = 4; lastKnownFileType = sourcecode.cpp.h; path = PianoGame.hpp; sourceTree = "<group>"; };
		37DD9D6921803C13002855BE /* PianoGame.cpp */ = {isa = PBXFileReference; fileEncoding = 4; lastKnownFileType = sourcecode.cpp.cpp; path = PianoGame.cpp; sourceTree = "<group>"; };
		37DD9D6B218040D3002855BE /* PianoGame */ = {isa = PBXFileReference; lastKnownFileType = folder; path = PianoGame; sourceTree = "<group>"; };
		37DD9D6D218055DE002855BE /* PianoGame.png */ = {isa = PBXFileReference; lastKnownFileType = image.png; path = PianoGame.png; sourceTree = "<group>"; };
		37DD9D6E218055DE002855BE /* PianoGameBackground.png */ = {isa = PBXFileReference; lastKnownFileType = image.png; path = PianoGameBackground.png; sourceTree = "<group>"; };
		37DD9D6F218055DE002855BE /* PianoGameBGRound.png */ = {isa = PBXFileReference; lastKnownFileType = image.png; path = PianoGameBGRound.png; sourceTree = "<group>"; };
		37DD9D70218055DE002855BE /* PianoGame.plist */ = {isa = PBXFileReference; fileEncoding = 4; lastKnownFileType = text.plist.xml; path = PianoGame.plist; sourceTree = "<group>"; };
		37E2AE76212BE5FB00DB6912 /* UserHead.vert */ = {isa = PBXFileReference; fileEncoding = 4; lastKnownFileType = sourcecode.glsl; path = UserHead.vert; sourceTree = "<group>"; };
		37E2AE77212BE5FB00DB6912 /* UserHead.frag */ = {isa = PBXFileReference; fileEncoding = 4; lastKnownFileType = sourcecode.glsl; path = UserHead.frag; sourceTree = "<group>"; };
		37E2AE7B212C0D3E00DB6912 /* DefaultHead.png */ = {isa = PBXFileReference; lastKnownFileType = image.png; path = DefaultHead.png; sourceTree = "<group>"; };
		37E6FCC520F6F46E0047F458 /* DataTableUser.cpp */ = {isa = PBXFileReference; fileEncoding = 4; lastKnownFileType = sourcecode.cpp.cpp; path = DataTableUser.cpp; sourceTree = "<group>"; };
		37E6FCC620F6F46E0047F458 /* DataTableUser.h */ = {isa = PBXFileReference; fileEncoding = 4; lastKnownFileType = sourcecode.c.h; path = DataTableUser.h; sourceTree = "<group>"; };
		37E6FCC720F6F46E0047F458 /* DataBase.cpp */ = {isa = PBXFileReference; fileEncoding = 4; lastKnownFileType = sourcecode.cpp.cpp; path = DataBase.cpp; sourceTree = "<group>"; };
		37E6FCC820F6F46E0047F458 /* DataBase.h */ = {isa = PBXFileReference; fileEncoding = 4; lastKnownFileType = sourcecode.c.h; path = DataBase.h; sourceTree = "<group>"; };
		37E6FD0220F707490047F458 /* libsqlite3.tbd */ = {isa = PBXFileReference; lastKnownFileType = "sourcecode.text-based-dylib-definition"; name = libsqlite3.tbd; path = Platforms/iPhoneOS.platform/Developer/SDKs/iPhoneOS11.4.sdk/usr/lib/libsqlite3.tbd; sourceTree = DEVELOPER_DIR; };
		37E6FD0420F71ECA0047F458 /* libsqlite3.0.tbd */ = {isa = PBXFileReference; lastKnownFileType = "sourcecode.text-based-dylib-definition"; name = libsqlite3.0.tbd; path = Platforms/iPhoneOS.platform/Developer/SDKs/iPhoneOS11.4.sdk/usr/lib/libsqlite3.0.tbd; sourceTree = DEVELOPER_DIR; };
		37EAF96D21899EA7004DC9D5 /* PianoGameMusicListScrollView.cpp */ = {isa = PBXFileReference; lastKnownFileType = sourcecode.cpp.cpp; path = PianoGameMusicListScrollView.cpp; sourceTree = "<group>"; };
		37EAF96E21899EA7004DC9D5 /* PianoGameMusicListScrollView.h */ = {isa = PBXFileReference; lastKnownFileType = sourcecode.c.h; path = PianoGameMusicListScrollView.h; sourceTree = "<group>"; };
		37EAF97121919FEC004DC9D5 /* CadenceGameLoaderScene.cpp */ = {isa = PBXFileReference; lastKnownFileType = sourcecode.cpp.cpp; path = CadenceGameLoaderScene.cpp; sourceTree = "<group>"; };
		37EAF97221919FEC004DC9D5 /* CadenceGameLoaderScene.h */ = {isa = PBXFileReference; lastKnownFileType = sourcecode.c.h; path = CadenceGameLoaderScene.h; sourceTree = "<group>"; };
		37EAF97B2192B038004DC9D5 /* CadenceGameScene.cpp */ = {isa = PBXFileReference; lastKnownFileType = sourcecode.cpp.cpp; path = CadenceGameScene.cpp; sourceTree = "<group>"; };
		37EAF97C2192B038004DC9D5 /* CadenceGameScene.h */ = {isa = PBXFileReference; lastKnownFileType = sourcecode.c.h; path = CadenceGameScene.h; sourceTree = "<group>"; };
		37EAF97E2192BAA9004DC9D5 /* Cadence */ = {isa = PBXFileReference; lastKnownFileType = folder; path = Cadence; sourceTree = "<group>"; };
		37EAF9802192BED4004DC9D5 /* CadenceMain.hpp */ = {isa = PBXFileReference; fileEncoding = 4; lastKnownFileType = sourcecode.cpp.h; path = CadenceMain.hpp; sourceTree = "<group>"; };
		37EAF9812192BED4004DC9D5 /* CadenceMain.cpp */ = {isa = PBXFileReference; fileEncoding = 4; lastKnownFileType = sourcecode.cpp.cpp; path = CadenceMain.cpp; sourceTree = "<group>"; };
		37EAF9832193D8E7004DC9D5 /* CadenceGameMusicListScrollView.cpp */ = {isa = PBXFileReference; lastKnownFileType = sourcecode.cpp.cpp; path = CadenceGameMusicListScrollView.cpp; sourceTree = "<group>"; };
		37EAF9842193D8E7004DC9D5 /* CadenceGameMusicListScrollView.h */ = {isa = PBXFileReference; lastKnownFileType = sourcecode.c.h; path = CadenceGameMusicListScrollView.h; sourceTree = "<group>"; };
		3EACC98E19EE6D4300EB3C5E /* res */ = {isa = PBXFileReference; lastKnownFileType = folder; path = res; sourceTree = "<group>"; };
		46880B8419C43A87006E1F66 /* AppDelegate.cpp */ = {isa = PBXFileReference; fileEncoding = 4; lastKnownFileType = sourcecode.cpp.cpp; path = AppDelegate.cpp; sourceTree = "<group>"; };
		46880B8519C43A87006E1F66 /* AppDelegate.h */ = {isa = PBXFileReference; fileEncoding = 4; lastKnownFileType = sourcecode.c.h; path = AppDelegate.h; sourceTree = "<group>"; };
		503AE0F617EB97AB00D1A890 /* Icon.icns */ = {isa = PBXFileReference; lastKnownFileType = image.icns; path = Icon.icns; sourceTree = "<group>"; };
		503AE0F717EB97AB00D1A890 /* Info.plist */ = {isa = PBXFileReference; fileEncoding = 4; lastKnownFileType = text.plist.xml; path = Info.plist; sourceTree = "<group>"; };
		503AE10317EB98FF00D1A890 /* main.cpp */ = {isa = PBXFileReference; fileEncoding = 4; lastKnownFileType = sourcecode.cpp.cpp; name = main.cpp; path = mac/main.cpp; sourceTree = "<group>"; };
		503AE10417EB98FF00D1A890 /* Prefix.pch */ = {isa = PBXFileReference; fileEncoding = 4; lastKnownFileType = sourcecode.c.h; name = Prefix.pch; path = mac/Prefix.pch; sourceTree = "<group>"; };
		503AE11117EB99EE00D1A890 /* libcurl.dylib */ = {isa = PBXFileReference; lastKnownFileType = "compiled.mach-o.dylib"; name = libcurl.dylib; path = usr/lib/libcurl.dylib; sourceTree = SDKROOT; };
		503AE11A17EB9C5A00D1A890 /* IOKit.framework */ = {isa = PBXFileReference; lastKnownFileType = wrapper.framework; name = IOKit.framework; path = System/Library/Frameworks/IOKit.framework; sourceTree = SDKROOT; };
		5087E76F17EB910900C73F5D /* dadpat-desktop.app */ = {isa = PBXFileReference; explicitFileType = wrapper.application; includeInIndex = 0; path = "dadpat-desktop.app"; sourceTree = BUILT_PRODUCTS_DIR; };
		5087E78817EB974C00C73F5D /* AppKit.framework */ = {isa = PBXFileReference; lastKnownFileType = wrapper.framework; name = AppKit.framework; path = System/Library/Frameworks/AppKit.framework; sourceTree = SDKROOT; };
		5087E78A17EB975400C73F5D /* OpenGL.framework */ = {isa = PBXFileReference; lastKnownFileType = wrapper.framework; name = OpenGL.framework; path = System/Library/Frameworks/OpenGL.framework; sourceTree = SDKROOT; };
		521A8EA819F11F5000D177D7 /* fonts */ = {isa = PBXFileReference; lastKnownFileType = folder; path = fonts; sourceTree = "<group>"; };
		52B47A461A53D09B004E4C60 /* Security.framework */ = {isa = PBXFileReference; lastKnownFileType = wrapper.framework; name = Security.framework; path = Platforms/iPhoneOS.platform/Developer/SDKs/iPhoneOS.sdk/System/Library/Frameworks/Security.framework; sourceTree = DEVELOPER_DIR; };
		8262943D1AAF051F00CB7CF7 /* Security.framework */ = {isa = PBXFileReference; lastKnownFileType = wrapper.framework; name = Security.framework; path = System/Library/Frameworks/Security.framework; sourceTree = SDKROOT; };
		BF170DB012928DE900B8313A /* OpenGLES.framework */ = {isa = PBXFileReference; lastKnownFileType = wrapper.framework; name = OpenGLES.framework; path = System/Library/Frameworks/OpenGLES.framework; sourceTree = SDKROOT; };
		BF170DB412928DE900B8313A /* libz.dylib */ = {isa = PBXFileReference; lastKnownFileType = "compiled.mach-o.dylib"; name = libz.dylib; path = usr/lib/libz.dylib; sourceTree = SDKROOT; };
		BF1C47EA1293683800B63C5D /* QuartzCore.framework */ = {isa = PBXFileReference; lastKnownFileType = wrapper.framework; name = QuartzCore.framework; path = System/Library/Frameworks/QuartzCore.framework; sourceTree = SDKROOT; };
		D44C620B132DFF330009C878 /* OpenAL.framework */ = {isa = PBXFileReference; lastKnownFileType = wrapper.framework; name = OpenAL.framework; path = System/Library/Frameworks/OpenAL.framework; sourceTree = SDKROOT; };
		D44C620D132DFF430009C878 /* AVFoundation.framework */ = {isa = PBXFileReference; lastKnownFileType = wrapper.framework; name = AVFoundation.framework; path = System/Library/Frameworks/AVFoundation.framework; sourceTree = SDKROOT; };
		D44C620F132DFF4E0009C878 /* AudioToolbox.framework */ = {isa = PBXFileReference; lastKnownFileType = wrapper.framework; name = AudioToolbox.framework; path = System/Library/Frameworks/AudioToolbox.framework; sourceTree = SDKROOT; };
		D6B0611A1803AB670077942B /* CoreMotion.framework */ = {isa = PBXFileReference; lastKnownFileType = wrapper.framework; name = CoreMotion.framework; path = Platforms/iPhoneOS.platform/Developer/SDKs/iPhoneOS.sdk/System/Library/Frameworks/CoreMotion.framework; sourceTree = DEVELOPER_DIR; };
		D8B23D5420EB3F5600EB4F2E /* LoginScene.h */ = {isa = PBXFileReference; fileEncoding = 4; lastKnownFileType = sourcecode.c.h; path = LoginScene.h; sourceTree = "<group>"; };
		D8B23D5520EB3F5600EB4F2E /* LoginScene.cpp */ = {isa = PBXFileReference; fileEncoding = 4; lastKnownFileType = sourcecode.cpp.cpp; path = LoginScene.cpp; sourceTree = "<group>"; };
		D8B23D5C20EB61D100EB4F2E /* Back.png */ = {isa = PBXFileReference; lastKnownFileType = image.png; path = Back.png; sourceTree = "<group>"; };
		ED545A7B1B68A1F400C3958E /* libiconv.dylib */ = {isa = PBXFileReference; lastKnownFileType = "compiled.mach-o.dylib"; name = libiconv.dylib; path = Platforms/iPhoneOS.platform/Developer/SDKs/iPhoneOS.sdk/usr/lib/libiconv.dylib; sourceTree = DEVELOPER_DIR; };
		ED545A7D1B68A1FA00C3958E /* libiconv.dylib */ = {isa = PBXFileReference; lastKnownFileType = "compiled.mach-o.dylib"; name = libiconv.dylib; path = usr/lib/libiconv.dylib; sourceTree = SDKROOT; };
/* End PBXFileReference section */

/* Begin PBXFrameworksBuildPhase section */
		1D60588F0D05DD3D006BFB54 /* Frameworks */ = {
			isa = PBXFrameworksBuildPhase;
			buildActionMask = 2147483647;
			files = (
				3705121421226C9D00F2FE1C /* libstdc++.tbd in Frameworks */,
				3705121321226C8D00F2FE1C /* JavaScriptCore.framework in Frameworks */,
				3705123F21226DFB00F2FE1C /* QQConnector.framework in Frameworks */,
				3705121121226C8000F2FE1C /* libicucore.tbd in Frameworks */,
				3705124121226DFB00F2FE1C /* SinaWeiboConnector.framework in Frameworks */,
				379D95802106D5E9006DA6C1 /* MediaPlayer.framework in Frameworks */,
				379D957E2106D5CD006DA6C1 /* GameController.framework in Frameworks */,
				37C2DDBD2106B5840088EC29 /* CoreTelephony.framework in Frameworks */,
				37C2DDBB2106B5590088EC29 /* SystemConfiguration.framework in Frameworks */,
				3705123A21226DFB00F2FE1C /* ShareSDKConnector.framework in Frameworks */,
				37C2DDB92106B52F0088EC29 /* CFNetwork.framework in Frameworks */,
				37C2DDB72106B5210088EC29 /* libc++.tbd in Frameworks */,
				294D0D641D0D56D500F7F5D4 /* CoreText.framework in Frameworks */,
				ED545A7C1B68A1F400C3958E /* libiconv.dylib in Frameworks */,
				52B47A471A53D09C004E4C60 /* Security.framework in Frameworks */,
				1AC6FB30180E99EB004C840B /* libcocos2d iOS.a in Frameworks */,
				D6B0611B1803AB670077942B /* CoreMotion.framework in Frameworks */,
				1D60589F0D05DD5A006BFB54 /* Foundation.framework in Frameworks */,
				1DF5F4E00D08C38300B7A737 /* UIKit.framework in Frameworks */,
				288765A50DF7441C002DB57D /* CoreGraphics.framework in Frameworks */,
				3705123921226DFB00F2FE1C /* TencentOpenAPI.framework in Frameworks */,
				3705123E21226DFB00F2FE1C /* ShareSDKUI.framework in Frameworks */,
				BF171245129291EC00B8313A /* OpenGLES.framework in Frameworks */,
				BF1712471292920000B8313A /* libz.dylib in Frameworks */,
				3705124021226DFB00F2FE1C /* WechatConnector.framework in Frameworks */,
				3705123821226DFB00F2FE1C /* libWeChatSDK.a in Frameworks */,
				3705123621226DFB00F2FE1C /* libWeiboSDK.a in Frameworks */,
				3705124221226DFB00F2FE1C /* ShareSDK.framework in Frameworks */,
				BF1C47F01293687400B63C5D /* QuartzCore.framework in Frameworks */,
				D44C620C132DFF330009C878 /* OpenAL.framework in Frameworks */,
				3705123D21226DFB00F2FE1C /* ShareSDKExtension.framework in Frameworks */,
				D44C620E132DFF430009C878 /* AVFoundation.framework in Frameworks */,
				3705124321226DFB00F2FE1C /* MOBFoundation.framework in Frameworks */,
				D44C6210132DFF4E0009C878 /* AudioToolbox.framework in Frameworks */,
			);
			runOnlyForDeploymentPostprocessing = 0;
		};
		5087E75C17EB910900C73F5D /* Frameworks */ = {
			isa = PBXFrameworksBuildPhase;
			buildActionMask = 2147483647;
			files = (
				ED545A7E1B68A1FA00C3958E /* libiconv.dylib in Frameworks */,
				1AC6FB21180E996B004C840B /* libcocos2d Mac.a in Frameworks */,
				5087E76717EB910900C73F5D /* libz.dylib in Frameworks */,
				8262943E1AAF051F00CB7CF7 /* Security.framework in Frameworks */,
				503AE11B17EB9C5A00D1A890 /* IOKit.framework in Frameworks */,
				5087E78B17EB975400C73F5D /* OpenGL.framework in Frameworks */,
				5087E78917EB974C00C73F5D /* AppKit.framework in Frameworks */,
				5087E76317EB910900C73F5D /* Foundation.framework in Frameworks */,
				5087E76817EB910900C73F5D /* QuartzCore.framework in Frameworks */,
				5087E76917EB910900C73F5D /* OpenAL.framework in Frameworks */,
				5087E76A17EB910900C73F5D /* AVFoundation.framework in Frameworks */,
				5087E76B17EB910900C73F5D /* AudioToolbox.framework in Frameworks */,
			);
			runOnlyForDeploymentPostprocessing = 0;
		};
/* End PBXFrameworksBuildPhase section */

/* Begin PBXGroup section */
		19C28FACFE9D520D11CA2CBB /* Products */ = {
			isa = PBXGroup;
			children = (
				1D6058910D05DD3D006BFB54 /* dadpat-mobile.app */,
				5087E76F17EB910900C73F5D /* dadpat-desktop.app */,
			);
			name = Products;
			sourceTree = "<group>";
		};
		1AC6FAE6180E9839004C840B /* Products */ = {
			isa = PBXGroup;
			children = (
				1AC6FAF9180E9839004C840B /* libcocos2d Mac.a */,
				1AC6FB07180E9839004C840B /* libcocos2d iOS.a */,
				1A7533E31F6F75F6007E8E6F /* libcocos2d tvOS.a */,
			);
			name = Products;
			sourceTree = "<group>";
		};
		1AF87B461F6F77D6007BE51C /* ios */ = {
			isa = PBXGroup;
			children = (
				37C2DFB82112FA650086F680 /* RootViewControllerV.h */,
				37C2DFB72112FA650086F680 /* RootViewControllerV.mm */,
				1A88B2631FC3D9C9005C14AE /* Images.xcassets */,
				1AF87B471F6F77D6007BE51C /* AppController.h */,
				1AF87B481F6F77D6007BE51C /* AppController.mm */,
				1AF87B581F6F77D6007BE51C /* Info.plist */,
				1AF87B591F6F77D6007BE51C /* LaunchScreen.storyboard */,
				1AF87B5A1F6F77D6007BE51C /* LaunchScreenBackground.png */,
				1AF87B5B1F6F77D6007BE51C /* main.m */,
				1AF87B5C1F6F77D6007BE51C /* Prefix.pch */,
				1AF87B5D1F6F77D6007BE51C /* RootViewController.h */,
				1AF87B5E1F6F77D6007BE51C /* RootViewController.mm */,
			);
			path = ios;
			sourceTree = "<group>";
		};
		29B97314FDCFA39411CA2CEA /* CustomTemplate */ = {
			isa = PBXGroup;
			children = (
				3705121621226DFB00F2FE1C /* SDK */,
				46880B8319C43A87006E1F66 /* Classes */,
				46880B7519C43A67006E1F66 /* Resources */,
				1AC6FAE5180E9839004C840B /* cocos2d_libs.xcodeproj */,
				29B97323FDCFA39411CA2CEA /* Frameworks */,
				1AF87B461F6F77D6007BE51C /* ios */,
				503AE10617EB990700D1A890 /* mac */,
				19C28FACFE9D520D11CA2CBB /* Products */,
			);
			name = CustomTemplate;
			sourceTree = "<group>";
		};
		29B97323FDCFA39411CA2CEA /* Frameworks */ = {
			isa = PBXGroup;
			children = (
				3705121221226C8D00F2FE1C /* JavaScriptCore.framework */,
				3705121021226C8000F2FE1C /* libicucore.tbd */,
				379D957F2106D5E9006DA6C1 /* MediaPlayer.framework */,
				379D957D2106D5CD006DA6C1 /* GameController.framework */,
				37C2DDBC2106B5840088EC29 /* CoreTelephony.framework */,
				37C2DDBA2106B5590088EC29 /* SystemConfiguration.framework */,
				37C2DDB82106B52E0088EC29 /* CFNetwork.framework */,
				37C2DDB52105E2460088EC29 /* libc++.tbd */,
				37C2DDB32105E22D0088EC29 /* libstdc++.tbd */,
				37C2DDAE2105D9EC0088EC29 /* libWeChatSDK.a */,
				37E6FD0420F71ECA0047F458 /* libsqlite3.0.tbd */,
				37E6FD0220F707490047F458 /* libsqlite3.tbd */,
				294D0D631D0D56D500F7F5D4 /* CoreText.framework */,
				ED545A7D1B68A1FA00C3958E /* libiconv.dylib */,
				ED545A7B1B68A1F400C3958E /* libiconv.dylib */,
				8262943D1AAF051F00CB7CF7 /* Security.framework */,
				52B47A461A53D09B004E4C60 /* Security.framework */,
				D6B0611A1803AB670077942B /* CoreMotion.framework */,
				503AE11A17EB9C5A00D1A890 /* IOKit.framework */,
				503AE11117EB99EE00D1A890 /* libcurl.dylib */,
				5087E78A17EB975400C73F5D /* OpenGL.framework */,
				5087E78817EB974C00C73F5D /* AppKit.framework */,
				1ACB3243164770DE00914215 /* libcurl.a */,
				BF170DB412928DE900B8313A /* libz.dylib */,
				D44C620F132DFF4E0009C878 /* AudioToolbox.framework */,
				D44C620D132DFF430009C878 /* AVFoundation.framework */,
				288765A40DF7441C002DB57D /* CoreGraphics.framework */,
				1D30AB110D05D00D00671497 /* Foundation.framework */,
				D44C620B132DFF330009C878 /* OpenAL.framework */,
				BF170DB012928DE900B8313A /* OpenGLES.framework */,
				BF1C47EA1293683800B63C5D /* QuartzCore.framework */,
				1DF5F4DF0D08C38300B7A737 /* UIKit.framework */,
			);
			name = Frameworks;
			sourceTree = "<group>";
		};
		3705121621226DFB00F2FE1C /* SDK */ = {
			isa = PBXGroup;
			children = (
				3705121721226DFB00F2FE1C /* ShareSDK */,
				3705123321226DFB00F2FE1C /* Required */,
			);
			name = SDK;
			path = ios/share/SDK;
			sourceTree = "<group>";
		};
		3705121721226DFB00F2FE1C /* ShareSDK */ = {
			isa = PBXGroup;
			children = (
				3705121821226DFB00F2FE1C /* Support */,
				3705123221226DFB00F2FE1C /* ShareSDK.framework */,
			);
			path = ShareSDK;
			sourceTree = "<group>";
		};
		3705121821226DFB00F2FE1C /* Support */ = {
			isa = PBXGroup;
			children = (
				3705121921226DFB00F2FE1C /* PlatformSDK */,
				3705122721226DFB00F2FE1C /* Required */,
				3705122A21226DFB00F2FE1C /* Optional */,
				3705122E21226DFB00F2FE1C /* PlatformConnector */,
			);
			path = Support;
			sourceTree = "<group>";
		};
		3705121921226DFB00F2FE1C /* PlatformSDK */ = {
			isa = PBXGroup;
			children = (
				3705121A21226DFB00F2FE1C /* SinaWeiboSDK */,
				3705121F21226DFB00F2FE1C /* WeChatSDK */,
				3705122521226DFB00F2FE1C /* QQSDK */,
			);
			path = PlatformSDK;
			sourceTree = "<group>";
		};
		3705121A21226DFB00F2FE1C /* SinaWeiboSDK */ = {
			isa = PBXGroup;
			children = (
				3705121B21226DFB00F2FE1C /* WeiboSDK.bundle */,
				3705121C21226DFB00F2FE1C /* libWeiboSDK.a */,
				3705121D21226DFB00F2FE1C /* WBHttpRequest.h */,
				3705121E21226DFB00F2FE1C /* WeiboSDK.h */,
			);
			path = SinaWeiboSDK;
			sourceTree = "<group>";
		};
		3705121F21226DFB00F2FE1C /* WeChatSDK */ = {
			isa = PBXGroup;
			children = (
				3705122021226DFB00F2FE1C /* WXApi.h */,
				3705122121226DFB00F2FE1C /* WXApiObject.h */,
				3705122221226DFB00F2FE1C /* README.txt */,
				3705122321226DFB00F2FE1C /* WechatAuthSDK.h */,
				3705122421226DFB00F2FE1C /* libWeChatSDK.a */,
			);
			path = WeChatSDK;
			sourceTree = "<group>";
		};
		3705122521226DFB00F2FE1C /* QQSDK */ = {
			isa = PBXGroup;
			children = (
				3705122621226DFB00F2FE1C /* TencentOpenAPI.framework */,
			);
			path = QQSDK;
			sourceTree = "<group>";
		};
		3705122721226DFB00F2FE1C /* Required */ = {
			isa = PBXGroup;
			children = (
				3705122821226DFB00F2FE1C /* ShareSDKConnector.framework */,
				3705122921226DFB00F2FE1C /* ShareSDK.bundle */,
			);
			path = Required;
			sourceTree = "<group>";
		};
		3705122A21226DFB00F2FE1C /* Optional */ = {
			isa = PBXGroup;
			children = (
				3705122B21226DFB00F2FE1C /* ShareSDKUI.bundle */,
				3705122C21226DFB00F2FE1C /* ShareSDKExtension.framework */,
				3705122D21226DFB00F2FE1C /* ShareSDKUI.framework */,
			);
			path = Optional;
			sourceTree = "<group>";
		};
		3705122E21226DFB00F2FE1C /* PlatformConnector */ = {
			isa = PBXGroup;
			children = (
				3705122F21226DFB00F2FE1C /* QQConnector.framework */,
				3705123021226DFB00F2FE1C /* WechatConnector.framework */,
				3705123121226DFB00F2FE1C /* SinaWeiboConnector.framework */,
			);
			path = PlatformConnector;
			sourceTree = "<group>";
		};
		3705123321226DFB00F2FE1C /* Required */ = {
			isa = PBXGroup;
			children = (
				3705123421226DFB00F2FE1C /* MOBFoundation.framework */,
			);
			path = Required;
			sourceTree = "<group>";
		};
		3705124421226E7D00F2FE1C /* C2DXShareSDK */ = {
			isa = PBXGroup;
			children = (
				3705124521226E7D00F2FE1C /* C2DXShareSDKTypeDef.h */,
				3705124621226E7D00F2FE1C /* C2DXShareSDK.h */,
				3705124721226E7D00F2FE1C /* ios */,
				3705125421226E7D00F2FE1C /* C2DXShareSDK.cpp */,
			);
			path = C2DXShareSDK;
			sourceTree = "<group>";
		};
		3705124721226E7D00F2FE1C /* ios */ = {
			isa = PBXGroup;
			children = (
				3705124821226E7D00F2FE1C /* C2DXiOSShareSDK.h */,
				3705124921226E7D00F2FE1C /* C2DXiOSShareSDK.mm */,
			);
			path = ios;
			sourceTree = "<group>";
		};
		376A5D9D212A517900510F6C /* achieve */ = {
			isa = PBXGroup;
			children = (
				376A5D9E212A517900510F6C /* md5.inl */,
			);
			path = achieve;
			sourceTree = "<group>";
		};
		377750152186E196006518B4 /* DadGuess */ = {
			isa = PBXGroup;
			children = (
				377750172186E991006518B4 /* DadGuessUpdateScene.cpp */,
				377750182186E991006518B4 /* DadGuessUpdateScene.h */,
			);
			path = DadGuess;
			sourceTree = "<group>";
		};
		379D95E621081D47006DA6C1 /* Resources */ = {
			isa = PBXGroup;
			children = (
				37EAF9812192BED4004DC9D5 /* CadenceMain.cpp */,
				37EAF9802192BED4004DC9D5 /* CadenceMain.hpp */,
				3777501A2187EFFA006518B4 /* DadGuess.cpp */,
				3777501B2187EFFB006518B4 /* DadGuess.hpp */,
				37DD9D6921803C13002855BE /* PianoGame.cpp */,
				37DD9D6821803C13002855BE /* PianoGame.hpp */,
				379D95F521097457006DA6C1 /* Dialog.cpp */,
				379D95F621097457006DA6C1 /* Dialog.hpp */,
				379D95EE21083F30006DA6C1 /* Login.cpp */,
				379D95EF21083F31006DA6C1 /* Login.hpp */,
				379D95E721081D98006DA6C1 /* Main.cpp */,
				379D95E821081D98006DA6C1 /* Main.hpp */,
			);
			path = Resources;
			sourceTree = "<group>";
		};
		37C2DD6221056A5C0088EC29 /* sqlite3 */ = {
			isa = PBXGroup;
			children = (
				37C2DD6321056A5C0088EC29 /* sqlite3.c */,
				37C2DD6521056A5C0088EC29 /* sqlite3.h */,
				37C2DD6621056A5C0088EC29 /* sqlite3ext.h */,
			);
			path = sqlite3;
			sourceTree = "<group>";
		};
		37D7DAE321198F0700A101E8 /* Common */ = {
			isa = PBXGroup;
			children = (
				376A5D9D212A517900510F6C /* achieve */,
				376A5D9B212A516E00510F6C /* md5.hpp */,
				3705125C212577C600F2FE1C /* Http.cpp */,
				3705125B212577C600F2FE1C /* Http.h */,
				37D7DAE421198F0700A101E8 /* Common.cpp */,
				37D7DAE521198F0700A101E8 /* Message.cpp */,
				37D7DAE621198F0700A101E8 /* Message.h */,
				37D7DAE721198F0700A101E8 /* WebViewScene.h */,
				37D7DAE921198F0700A101E8 /* WebViewScene.cpp */,
				37D7DAEA21198F0700A101E8 /* Common.h */,
			);
			path = Common;
			sourceTree = "<group>";
		};
		37D7DAF021198F1200A101E8 /* Main */ = {
			isa = PBXGroup;
			children = (
				37D7DAF121198F1200A101E8 /* MainScene.cpp */,
				37D7DAF221198F1200A101E8 /* MainScene.h */,
				370511DB211ABEA800F2FE1C /* DialogSettingsLayer.cpp */,
				370511DC211ABEA800F2FE1C /* DialogSettingsLayer.h */,
				370511DE211BCB0F00F2FE1C /* DialogPersonalCenterLayer.cpp */,
				370511DF211BCB0F00F2FE1C /* DialogPersonalCenterLayer.h */,
				370511E1211BCC0500F2FE1C /* DialogLayerInterface.h */,
			);
			path = Main;
			sourceTree = "<group>";
		};
		37DD9D612180146A002855BE /* PianoGame */ = {
			isa = PBXGroup;
			children = (
				37DD9D6521803B55002855BE /* PianoGameMainScene.cpp */,
				37DD9D6621803B55002855BE /* PianoGameMainScene.h */,
				3777502421882509006518B4 /* PianoGameMusicListLayer.cpp */,
				3777502521882509006518B4 /* PianoGameMusicListLayer.h */,
				37EAF96D21899EA7004DC9D5 /* PianoGameMusicListScrollView.cpp */,
				37EAF96E21899EA7004DC9D5 /* PianoGameMusicListScrollView.h */,
			);
			path = PianoGame;
			sourceTree = "<group>";
		};
		37E2AE75212BE5FB00DB6912 /* shader */ = {
			isa = PBXGroup;
			children = (
				37E2AE76212BE5FB00DB6912 /* UserHead.vert */,
				37E2AE77212BE5FB00DB6912 /* UserHead.frag */,
			);
			path = shader;
			sourceTree = "<group>";
		};
		37E2AE83212EA1B500DB6912 /* Cadence */ = {
			isa = PBXGroup;
			children = (
				374B2206213530D400822A84 /* CadenceGameMainScene.cpp */,
				374B2207213530D400822A84 /* CadenceGameMainScene.h */,
				37EAF97121919FEC004DC9D5 /* CadenceGameLoaderScene.cpp */,
				37EAF97221919FEC004DC9D5 /* CadenceGameLoaderScene.h */,
				37EAF97B2192B038004DC9D5 /* CadenceGameScene.cpp */,
				37EAF97C2192B038004DC9D5 /* CadenceGameScene.h */,
				37EAF9832193D8E7004DC9D5 /* CadenceGameMusicListScrollView.cpp */,
				37EAF9842193D8E7004DC9D5 /* CadenceGameMusicListScrollView.h */,
			);
			path = Cadence;
			sourceTree = "<group>";
		};
		37E6FCC420F6F46E0047F458 /* DataBase */ = {
			isa = PBXGroup;
			children = (
				37C2DD6221056A5C0088EC29 /* sqlite3 */,
				37E6FCC520F6F46E0047F458 /* DataTableUser.cpp */,
				37E6FCC620F6F46E0047F458 /* DataTableUser.h */,
				37E6FCC720F6F46E0047F458 /* DataBase.cpp */,
				37E6FCC820F6F46E0047F458 /* DataBase.h */,
				373CDF0920FF311600D77EF2 /* DataValidate.h */,
				376A5DA0212A55B900510F6C /* DataTableFile.cpp */,
				376A5DA1212A55B900510F6C /* DataTableFile.h */,
				37775021218809CF006518B4 /* DataTableCard.cpp */,
				37775022218809CF006518B4 /* DataTableCard.h */,
				37B0B967219BAF6100A870E9 /* DataTableCardBatch.cpp */,
				37B0B968219BAF6100A870E9 /* DataTableCardBatch.h */,
				37B0B96A219D019500A870E9 /* DataTableCardAudio.cpp */,
				37B0B96B219D019500A870E9 /* DataTableCardAudio.h */,
			);
			path = DataBase;
			sourceTree = "<group>";
		};
		46880B7519C43A67006E1F66 /* Resources */ = {
			isa = PBXGroup;
			children = (
				37EAF97E2192BAA9004DC9D5 /* Cadence */,
				3777501E2187F1B0006518B4 /* DadGuess.plist */,
				3777501D2187F1B0006518B4 /* DadGuess.png */,
				37DD9D70218055DE002855BE /* PianoGame.plist */,
				37DD9D6D218055DE002855BE /* PianoGame.png */,
				37DD9D6E218055DE002855BE /* PianoGameBackground.png */,
				37DD9D6F218055DE002855BE /* PianoGameBGRound.png */,
				37DD9D6B218040D3002855BE /* PianoGame */,
				373335A32179C3BC0087D425 /* Web */,
				37E2AE7B212C0D3E00DB6912 /* DefaultHead.png */,
				37E2AE75212BE5FB00DB6912 /* shader */,
				370A78A02112975000252E8D /* Dialog.plist */,
				370A78A12112975000252E8D /* Dialog.png */,
				379D95F121084A68006DA6C1 /* Login.plist */,
				379D95F221084A68006DA6C1 /* Login.png */,
				379D95EA21082418006DA6C1 /* Main.plist */,
				379D95EB21082418006DA6C1 /* Main.png */,
				379D958A21080A8E006DA6C1 /* BackgroundImage.png */,
				379D958921080A8E006DA6C1 /* Cloud.png */,
				373CDF0B2100376400D77EF2 /* Empty.png */,
				373CDF0220FEE98200D77EF2 /* MessageBoxBG.png */,
				D8B23D5C20EB61D100EB4F2E /* Back.png */,
				521A8EA819F11F5000D177D7 /* fonts */,
				3EACC98E19EE6D4300EB3C5E /* res */,
			);
			name = Resources;
			path = ../Resources;
			sourceTree = "<group>";
		};
		46880B8319C43A87006E1F66 /* Classes */ = {
			isa = PBXGroup;
			children = (
				377750152186E196006518B4 /* DadGuess */,
				37DD9D612180146A002855BE /* PianoGame */,
				37E2AE83212EA1B500DB6912 /* Cadence */,
				376A5DA4212BB71600510F6C /* BaseScene.cpp */,
				376A5DA3212BB71600510F6C /* BaseScene.h */,
				3705124421226E7D00F2FE1C /* C2DXShareSDK */,
				37D7DAF021198F1200A101E8 /* Main */,
				37D7DAE321198F0700A101E8 /* Common */,
				379D95E621081D47006DA6C1 /* Resources */,
				37D0408620F8457A00C34F12 /* Config.h */,
				37E6FCC420F6F46E0047F458 /* DataBase */,
				D8B23D5120EB3F5600EB4F2E /* Login */,
				46880B8419C43A87006E1F66 /* AppDelegate.cpp */,
				46880B8519C43A87006E1F66 /* AppDelegate.h */,
			);
			name = Classes;
			path = ../Classes;
			sourceTree = "<group>";
		};
		503AE0F517EB97AB00D1A890 /* Icons */ = {
			isa = PBXGroup;
			children = (
				503AE0F617EB97AB00D1A890 /* Icon.icns */,
				503AE0F717EB97AB00D1A890 /* Info.plist */,
			);
			name = Icons;
			path = mac;
			sourceTree = SOURCE_ROOT;
		};
		503AE10617EB990700D1A890 /* mac */ = {
			isa = PBXGroup;
			children = (
				503AE0F517EB97AB00D1A890 /* Icons */,
				503AE10317EB98FF00D1A890 /* main.cpp */,
				503AE10417EB98FF00D1A890 /* Prefix.pch */,
			);
			name = mac;
			sourceTree = "<group>";
		};
		D8B23D5120EB3F5600EB4F2E /* Login */ = {
			isa = PBXGroup;
			children = (
				D8B23D5420EB3F5600EB4F2E /* LoginScene.h */,
				D8B23D5520EB3F5600EB4F2E /* LoginScene.cpp */,
			);
			path = Login;
			sourceTree = "<group>";
		};
/* End PBXGroup section */

/* Begin PBXNativeTarget section */
		1D6058900D05DD3D006BFB54 /* dadpat-mobile */ = {
			isa = PBXNativeTarget;
			buildConfigurationList = 1D6058960D05DD3E006BFB54 /* Build configuration list for PBXNativeTarget "dadpat-mobile" */;
			buildPhases = (
				1D60588D0D05DD3D006BFB54 /* Resources */,
				1D60588E0D05DD3D006BFB54 /* Sources */,
				1D60588F0D05DD3D006BFB54 /* Frameworks */,
			);
			buildRules = (
			);
			dependencies = (
				1AC6FB25180E99E1004C840B /* PBXTargetDependency */,
			);
			name = "dadpat-mobile";
			productName = iphone;
			productReference = 1D6058910D05DD3D006BFB54 /* dadpat-mobile.app */;
			productType = "com.apple.product-type.application";
		};
		5087E73D17EB910900C73F5D /* dadpat-desktop */ = {
			isa = PBXNativeTarget;
			buildConfigurationList = 5087E76C17EB910900C73F5D /* Build configuration list for PBXNativeTarget "dadpat-desktop" */;
			buildPhases = (
				5087E74817EB910900C73F5D /* Resources */,
				5087E75617EB910900C73F5D /* Sources */,
				5087E75C17EB910900C73F5D /* Frameworks */,
			);
			buildRules = (
			);
			dependencies = (
				1AC6FB16180E9959004C840B /* PBXTargetDependency */,
			);
			name = "dadpat-desktop";
			productName = iphone;
			productReference = 5087E76F17EB910900C73F5D /* dadpat-desktop.app */;
			productType = "com.apple.product-type.application";
		};
/* End PBXNativeTarget section */

/* Begin PBXProject section */
		29B97313FDCFA39411CA2CEA /* Project object */ = {
			isa = PBXProject;
			attributes = {
				LastUpgradeCheck = 0500;
				TargetAttributes = {
					1D6058900D05DD3D006BFB54 = {
						DevelopmentTeam = A72S287J4X;
					};
				};
			};
			buildConfigurationList = C01FCF4E08A954540054247B /* Build configuration list for PBXProject "dadpat" */;
			compatibilityVersion = "Xcode 3.2";
			developmentRegion = English;
			hasScannedForEncodings = 1;
			knownRegions = (
				English,
				Japanese,
				French,
				German,
			);
			mainGroup = 29B97314FDCFA39411CA2CEA /* CustomTemplate */;
			projectDirPath = "";
			projectReferences = (
				{
					ProductGroup = 1AC6FAE6180E9839004C840B /* Products */;
					ProjectRef = 1AC6FAE5180E9839004C840B /* cocos2d_libs.xcodeproj */;
				},
			);
			projectRoot = "";
			targets = (
				1D6058900D05DD3D006BFB54 /* dadpat-mobile */,
				5087E73D17EB910900C73F5D /* dadpat-desktop */,
			);
		};
/* End PBXProject section */

/* Begin PBXReferenceProxy section */
		1A7533E31F6F75F6007E8E6F /* libcocos2d tvOS.a */ = {
			isa = PBXReferenceProxy;
			fileType = archive.ar;
			path = "libcocos2d tvOS.a";
			remoteRef = 1A7533E21F6F75F6007E8E6F /* PBXContainerItemProxy */;
			sourceTree = BUILT_PRODUCTS_DIR;
		};
		1AC6FAF9180E9839004C840B /* libcocos2d Mac.a */ = {
			isa = PBXReferenceProxy;
			fileType = archive.ar;
			path = "libcocos2d Mac.a";
			remoteRef = 1AC6FAF8180E9839004C840B /* PBXContainerItemProxy */;
			sourceTree = BUILT_PRODUCTS_DIR;
		};
		1AC6FB07180E9839004C840B /* libcocos2d iOS.a */ = {
			isa = PBXReferenceProxy;
			fileType = archive.ar;
			path = "libcocos2d iOS.a";
			remoteRef = 1AC6FB06180E9839004C840B /* PBXContainerItemProxy */;
			sourceTree = BUILT_PRODUCTS_DIR;
		};
/* End PBXReferenceProxy section */

/* Begin PBXResourcesBuildPhase section */
		1D60588D0D05DD3D006BFB54 /* Resources */ = {
			isa = PBXResourcesBuildPhase;
			buildActionMask = 2147483647;
			files = (
				37DD9D73218055DE002855BE /* PianoGameBGRound.png in Resources */,
				3777501F2187F1B0006518B4 /* DadGuess.png in Resources */,
				373335A52179C3BC0087D425 /* Web in Resources */,
				376A5D9F212A517900510F6C /* md5.inl in Resources */,
				379D95F421084A68006DA6C1 /* Login.png in Resources */,
				370A78A32112975000252E8D /* Dialog.png in Resources */,
				37DD9D72218055DE002855BE /* PianoGameBackground.png in Resources */,
				37E2AE79212BE5FB00DB6912 /* UserHead.vert in Resources */,
				3705123B21226DFB00F2FE1C /* ShareSDK.bundle in Resources */,
				37DD9D71218055DE002855BE /* PianoGame.png in Resources */,
				D8B23D5D20EB61D100EB4F2E /* Back.png in Resources */,
				1A88B2641FC3D9C9005C14AE /* Images.xcassets in Resources */,
				373CDF0C2100376400D77EF2 /* Empty.png in Resources */,
				37E2AE7A212BE5FB00DB6912 /* UserHead.frag in Resources */,
				379D95EC21082419006DA6C1 /* Main.plist in Resources */,
				379D95F321084A68006DA6C1 /* Login.plist in Resources */,
				370A78A22112975000252E8D /* Dialog.plist in Resources */,
				521A8EA919F11F5000D177D7 /* fonts in Resources */,
				37DD9D74218055DE002855BE /* PianoGame.plist in Resources */,
				377750202187F1B0006518B4 /* DadGuess.plist in Resources */,
				379D95ED21082419006DA6C1 /* Main.png in Resources */,
				3705123721226DFB00F2FE1C /* README.txt in Resources */,
				3705123C21226DFB00F2FE1C /* ShareSDKUI.bundle in Resources */,
				379D958C21080A8E006DA6C1 /* BackgroundImage.png in Resources */,
				37E2AE7C212C0D3E00DB6912 /* DefaultHead.png in Resources */,
				3EACC98F19EE6D4300EB3C5E /* res in Resources */,
				373CDF0420FEE98200D77EF2 /* MessageBoxBG.png in Resources */,
				3705123521226DFB00F2FE1C /* WeiboSDK.bundle in Resources */,
				37EAF97F2192BAAA004DC9D5 /* Cadence in Resources */,
				1AF87B891F6F781D007BE51C /* LaunchScreenBackground.png in Resources */,
				379D958B21080A8E006DA6C1 /* Cloud.png in Resources */,
				1AF87B881F6F781D007BE51C /* LaunchScreen.storyboard in Resources */,
				37DD9D6C218040D3002855BE /* PianoGame in Resources */,
			);
			runOnlyForDeploymentPostprocessing = 0;
		};
		5087E74817EB910900C73F5D /* Resources */ = {
			isa = PBXResourcesBuildPhase;
			buildActionMask = 2147483647;
			files = (
				503AE0F817EB97AB00D1A890 /* Icon.icns in Resources */,
				3EACC99019EE6D4300EB3C5E /* res in Resources */,
				521A8EAA19F11F5000D177D7 /* fonts in Resources */,
			);
			runOnlyForDeploymentPostprocessing = 0;
		};
/* End PBXResourcesBuildPhase section */

/* Begin PBXSourcesBuildPhase section */
		1D60588E0D05DD3D006BFB54 /* Sources */ = {
			isa = PBXSourcesBuildPhase;
			buildActionMask = 2147483647;
			files = (
				37EAF97321919FED004DC9D5 /* CadenceGameLoaderScene.cpp in Sources */,
				37DD9D6A21803C13002855BE /* PianoGame.cpp in Sources */,
				3705125D212577C700F2FE1C /* Http.cpp in Sources */,
				1AF87B781F6F77F7007BE51C /* AppController.mm in Sources */,
				37D7DAED21198F0700A101E8 /* Message.cpp in Sources */,
				D8B23D5720EB3F5700EB4F2E /* LoginScene.cpp in Sources */,
				3777502621882509006518B4 /* PianoGameMusicListLayer.cpp in Sources */,
				37D7DAF521198F1200A101E8 /* MainScene.cpp in Sources */,
				37EAF97D2192B038004DC9D5 /* CadenceGameScene.cpp in Sources */,
				374B2208213530D500822A84 /* CadenceGameMainScene.cpp in Sources */,
				379D95F021083F31006DA6C1 /* Login.cpp in Sources */,
				37E6FCCA20F6F46E0047F458 /* DataBase.cpp in Sources */,
				377750192186E991006518B4 /* DadGuessUpdateScene.cpp in Sources */,
				37B0B969219BAF6100A870E9 /* DataTableCardBatch.cpp in Sources */,
				3705125921226E7D00F2FE1C /* C2DXShareSDK.cpp in Sources */,
				1AF87B8B1F6F782A007BE51C /* RootViewController.mm in Sources */,
				37C2DFB92112FA650086F680 /* RootViewControllerV.mm in Sources */,
				37EAF9852193D8E7004DC9D5 /* CadenceGameMusicListScrollView.cpp in Sources */,
				376A5DA2212A55B900510F6C /* DataTableFile.cpp in Sources */,
				379D95F721097457006DA6C1 /* Dialog.cpp in Sources */,
				37D7DAEC21198F0700A101E8 /* Common.cpp in Sources */,
				46880B8819C43A87006E1F66 /* AppDelegate.cpp in Sources */,
				37EAF96F21899EA7004DC9D5 /* PianoGameMusicListScrollView.cpp in Sources */,
				37D7DAEE21198F0700A101E8 /* WebViewScene.cpp in Sources */,
				37EAF9822192BED4004DC9D5 /* CadenceMain.cpp in Sources */,
				376A5DA5212BB71700510F6C /* BaseScene.cpp in Sources */,
				37C2DD6721056A5C0088EC29 /* sqlite3.c in Sources */,
				3777501C2187EFFB006518B4 /* DadGuess.cpp in Sources */,
				1AF87B8A1F6F7822007BE51C /* main.m in Sources */,
				37DD9D6721803B55002855BE /* PianoGameMainScene.cpp in Sources */,
				370511DD211ABEA800F2FE1C /* DialogSettingsLayer.cpp in Sources */,
				379D95E921081D98006DA6C1 /* Main.cpp in Sources */,
				37775023218809CF006518B4 /* DataTableCard.cpp in Sources */,
				370511E0211BCB0F00F2FE1C /* DialogPersonalCenterLayer.cpp in Sources */,
				37E6FCC920F6F46E0047F458 /* DataTableUser.cpp in Sources */,
				37B0B96C219D019500A870E9 /* DataTableCardAudio.cpp in Sources */,
				3705125521226E7D00F2FE1C /* C2DXiOSShareSDK.mm in Sources */,
			);
			runOnlyForDeploymentPostprocessing = 0;
		};
		5087E75617EB910900C73F5D /* Sources */ = {
			isa = PBXSourcesBuildPhase;
			buildActionMask = 2147483647;
			files = (
				46880B8919C43A87006E1F66 /* AppDelegate.cpp in Sources */,
				503AE10517EB98FF00D1A890 /* main.cpp in Sources */,
			);
			runOnlyForDeploymentPostprocessing = 0;
		};
/* End PBXSourcesBuildPhase section */

/* Begin PBXTargetDependency section */
		1AC6FB16180E9959004C840B /* PBXTargetDependency */ = {
			isa = PBXTargetDependency;
			name = "cocos2dx Mac";
			targetProxy = 1AC6FB15180E9959004C840B /* PBXContainerItemProxy */;
		};
		1AC6FB25180E99E1004C840B /* PBXTargetDependency */ = {
			isa = PBXTargetDependency;
			name = "cocos2dx iOS";
			targetProxy = 1AC6FB24180E99E1004C840B /* PBXContainerItemProxy */;
		};
/* End PBXTargetDependency section */

/* Begin XCBuildConfiguration section */
		1D6058940D05DD3E006BFB54 /* Debug */ = {
			isa = XCBuildConfiguration;
			buildSettings = {
				ALWAYS_SEARCH_USER_PATHS = YES;
				ASSETCATALOG_COMPILER_APPICON_NAME = AppIcon;
				CODE_SIGN_IDENTITY = "iPhone Developer";
				COMPRESS_PNG_FILES = NO;
				DEVELOPMENT_TEAM = A72S287J4X;
				ENABLE_BITCODE = NO;
				FRAMEWORK_SEARCH_PATHS = (
					"$(inherited)",
					"$(PROJECT_DIR)/ios/share/SDK/ShareSDK/Support/PlatformSDK/QQSDK",
					"$(PROJECT_DIR)/ios/share/SDK/ShareSDK/Support/Required",
					"$(PROJECT_DIR)/ios/share/SDK/ShareSDK/Support/Optional",
					"$(PROJECT_DIR)/ios/share/SDK/ShareSDK/Support/PlatformConnector",
					"$(PROJECT_DIR)/ios/share/SDK/ShareSDK",
					"$(PROJECT_DIR)/ios/share/SDK/Required",
				);
				GCC_DYNAMIC_NO_PIC = NO;
				GCC_INLINES_ARE_PRIVATE_EXTERN = NO;
				GCC_PRECOMPILE_PREFIX_HEADER = YES;
				GCC_PREFIX_HEADER = ios/Prefix.pch;
				GCC_PREPROCESSOR_DEFINITIONS = (
					USE_FILE32API,
					"COCOS2D_DEBUG=1",
					"CC_ENABLE_CHIPMUNK_INTEGRATION=1",
				);
				GCC_SYMBOLS_PRIVATE_EXTERN = NO;
				HEADER_SEARCH_PATHS = "$(inherited)";
				INFOPLIST_FILE = ios/Info.plist;
				IPHONEOS_DEPLOYMENT_TARGET = 6.0;
				LIBRARY_SEARCH_PATHS = (
					"$(PROJECT_DIR)/ios/WechtLogin/WechtSDK1.8.2_NoPay",
					"$(PROJECT_DIR)/ios/share/SDK/ShareSDK/Support/PlatformSDK/SinaWeiboSDK",
					"$(PROJECT_DIR)/ios/share/SDK/ShareSDK/Support/PlatformSDK/WeChatSDK",
				);
				OTHER_LDFLAGS = (
					"$(_COCOS_LIB_IOS_BEGIN)",
					"$(_COCOS_LIB_IOS_END)",
					"-ObjC",
				);
				PRODUCT_BUNDLE_IDENTIFIER = com.goofypapa.main;
				SDKROOT = iphoneos;
				STRIP_PNG_TEXT = NO;
				TARGETED_DEVICE_FAMILY = "1,2";
				USER_HEADER_SEARCH_PATHS = "$(_COCOS_HEADER_IOS_BEGIN) $(_COCOS_HEADER_IOS_END)";
				VALID_ARCHS = "arm64 armv7";
			};
			name = Debug;
		};
		1D6058950D05DD3E006BFB54 /* Release */ = {
			isa = XCBuildConfiguration;
			buildSettings = {
				ALWAYS_SEARCH_USER_PATHS = YES;
				ASSETCATALOG_COMPILER_APPICON_NAME = AppIcon;
				CODE_SIGN_IDENTITY = "iPhone Developer";
				COMPRESS_PNG_FILES = NO;
				DEVELOPMENT_TEAM = A72S287J4X;
				ENABLE_BITCODE = NO;
				FRAMEWORK_SEARCH_PATHS = (
					"$(inherited)",
					"$(PROJECT_DIR)/ios/share/SDK/ShareSDK/Support/PlatformSDK/QQSDK",
					"$(PROJECT_DIR)/ios/share/SDK/ShareSDK/Support/Required",
					"$(PROJECT_DIR)/ios/share/SDK/ShareSDK/Support/Optional",
					"$(PROJECT_DIR)/ios/share/SDK/ShareSDK/Support/PlatformConnector",
					"$(PROJECT_DIR)/ios/share/SDK/ShareSDK",
					"$(PROJECT_DIR)/ios/share/SDK/Required",
				);
				GCC_INLINES_ARE_PRIVATE_EXTERN = NO;
				GCC_PRECOMPILE_PREFIX_HEADER = YES;
				GCC_PREFIX_HEADER = ios/Prefix.pch;
				GCC_PREPROCESSOR_DEFINITIONS = (
					USE_FILE32API,
					"CC_ENABLE_CHIPMUNK_INTEGRATION=1",
					NDEBUG,
				);
				GCC_SYMBOLS_PRIVATE_EXTERN = NO;
				HEADER_SEARCH_PATHS = "$(inherited)";
				INFOPLIST_FILE = ios/Info.plist;
				IPHONEOS_DEPLOYMENT_TARGET = 6.0;
				LIBRARY_SEARCH_PATHS = (
					"$(PROJECT_DIR)/ios/WechtLogin/WechtSDK1.8.2_NoPay",
					"$(PROJECT_DIR)/ios/share/SDK/ShareSDK/Support/PlatformSDK/SinaWeiboSDK",
					"$(PROJECT_DIR)/ios/share/SDK/ShareSDK/Support/PlatformSDK/WeChatSDK",
				);
				OTHER_LDFLAGS = (
					"$(_COCOS_LIB_IOS_BEGIN)",
					"$(_COCOS_LIB_IOS_END)",
					"-ObjC",
				);
				PRODUCT_BUNDLE_IDENTIFIER = com.goofypapa.main;
				SDKROOT = iphoneos;
				STRIP_PNG_TEXT = NO;
				TARGETED_DEVICE_FAMILY = "1,2";
				USER_HEADER_SEARCH_PATHS = "$(_COCOS_HEADER_IOS_BEGIN) $(_COCOS_HEADER_IOS_END)";
				VALID_ARCHS = "arm64 armv7";
			};
			name = Release;
		};
		5087E76D17EB910900C73F5D /* Debug */ = {
			isa = XCBuildConfiguration;
			buildSettings = {
				ALWAYS_SEARCH_USER_PATHS = YES;
				ARCHS = "$(ARCHS_STANDARD_64_BIT)";
				CLANG_CXX_LANGUAGE_STANDARD = "c++0x";
				CLANG_CXX_LIBRARY = "libc++";
				GCC_DYNAMIC_NO_PIC = NO;
				GCC_INLINES_ARE_PRIVATE_EXTERN = NO;
				GCC_PRECOMPILE_PREFIX_HEADER = YES;
				GCC_PREFIX_HEADER = mac/Prefix.pch;
				GCC_PREPROCESSOR_DEFINITIONS = (
					USE_FILE32API,
					"COCOS2D_DEBUG=1",
					"CC_ENABLE_CHIPMUNK_INTEGRATION=1",
				);
				GCC_SYMBOLS_PRIVATE_EXTERN = NO;
				HEADER_SEARCH_PATHS = (
					"$(inherited)",
					"$(SRCROOT)/../cocos2d/external/glfw3/include/mac",
				);
				INFOPLIST_FILE = mac/Info.plist;
				LIBRARY_SEARCH_PATHS = "";
				OTHER_LDFLAGS = (
					"$(_COCOS_LIB_MAC_BEGIN)",
					"$(_COCOS_LIB_MAC_END)",
				);
				USER_HEADER_SEARCH_PATHS = "$(_COCOS_HEADER_MAC_BEGIN) $(_COCOS_HEADER_MAC_END)";
			};
			name = Debug;
		};
		5087E76E17EB910900C73F5D /* Release */ = {
			isa = XCBuildConfiguration;
			buildSettings = {
				ALWAYS_SEARCH_USER_PATHS = YES;
				ARCHS = "$(ARCHS_STANDARD_64_BIT)";
				CLANG_CXX_LANGUAGE_STANDARD = "c++0x";
				CLANG_CXX_LIBRARY = "libc++";
				GCC_INLINES_ARE_PRIVATE_EXTERN = NO;
				GCC_PRECOMPILE_PREFIX_HEADER = YES;
				GCC_PREFIX_HEADER = mac/Prefix.pch;
				GCC_PREPROCESSOR_DEFINITIONS = (
					USE_FILE32API,
					"CC_ENABLE_CHIPMUNK_INTEGRATION=1",
					NDEBUG,
				);
				GCC_SYMBOLS_PRIVATE_EXTERN = NO;
				HEADER_SEARCH_PATHS = (
					"$(inherited)",
					"$(SRCROOT)/../cocos2d/external/glfw3/include/mac",
				);
				INFOPLIST_FILE = mac/Info.plist;
				LIBRARY_SEARCH_PATHS = "";
				OTHER_LDFLAGS = (
					"$(_COCOS_LIB_MAC_BEGIN)",
					"$(_COCOS_LIB_MAC_END)",
				);
				USER_HEADER_SEARCH_PATHS = "$(_COCOS_HEADER_MAC_BEGIN) $(_COCOS_HEADER_MAC_END)";
			};
			name = Release;
		};
		C01FCF4F08A954540054247B /* Debug */ = {
			isa = XCBuildConfiguration;
			buildSettings = {
				CLANG_CXX_LANGUAGE_STANDARD = "c++0x";
				CLANG_CXX_LIBRARY = "libc++";
				COPY_PHASE_STRIP = NO;
				GCC_OPTIMIZATION_LEVEL = 0;
				GCC_WARN_ABOUT_RETURN_TYPE = YES;
				GCC_WARN_UNUSED_VARIABLE = YES;
				HEADER_SEARCH_PATHS = (
					"$(SRCROOT)/../cocos2d",
					"$(SRCROOT)/../cocos2d/cocos/audio/include",
					"$(SRCROOT)/../cocos2d/cocos",
					"$(SRCROOT)/../cocos2d/extensions",
					"$(SRCROOT)/../cocos2d/external",
					"$(SRCROOT)/../cocos2d/external/chipmunk/include/chipmunk",
					"$(SRCROOT)/../cocos2d/cocos/editor-support",
				);
				IPHONEOS_DEPLOYMENT_TARGET = 6.0;
				MACOSX_DEPLOYMENT_TARGET = 10.7;
				ONLY_ACTIVE_ARCH = YES;
				PRODUCT_NAME = "$(TARGET_NAME)";
				SDKROOT = macosx;
			};
			name = Debug;
		};
		C01FCF5008A954540054247B /* Release */ = {
			isa = XCBuildConfiguration;
			buildSettings = {
				CLANG_CXX_LANGUAGE_STANDARD = "c++0x";
				CLANG_CXX_LIBRARY = "libc++";
				GCC_WARN_ABOUT_RETURN_TYPE = YES;
				GCC_WARN_UNUSED_VARIABLE = YES;
				HEADER_SEARCH_PATHS = (
					"$(SRCROOT)/../cocos2d",
					"$(SRCROOT)/../cocos2d/cocos/audio/include",
					"$(SRCROOT)/../cocos2d/cocos",
					"$(SRCROOT)/../cocos2d/extensions",
					"$(SRCROOT)/../cocos2d/external",
					"$(SRCROOT)/../cocos2d/external/chipmunk/include/chipmunk",
					"$(SRCROOT)/../cocos2d/cocos/editor-support",
				);
				IPHONEOS_DEPLOYMENT_TARGET = 6.0;
				MACOSX_DEPLOYMENT_TARGET = 10.7;
				OTHER_CFLAGS = "-DNS_BLOCK_ASSERTIONS=1";
				PRODUCT_NAME = "$(TARGET_NAME)";
				SDKROOT = macosx;
				VALIDATE_PRODUCT = YES;
			};
			name = Release;
		};
/* End XCBuildConfiguration section */

/* Begin XCConfigurationList section */
		1D6058960D05DD3E006BFB54 /* Build configuration list for PBXNativeTarget "dadpat-mobile" */ = {
			isa = XCConfigurationList;
			buildConfigurations = (
				1D6058940D05DD3E006BFB54 /* Debug */,
				1D6058950D05DD3E006BFB54 /* Release */,
			);
			defaultConfigurationIsVisible = 0;
			defaultConfigurationName = Debug;
		};
		5087E76C17EB910900C73F5D /* Build configuration list for PBXNativeTarget "dadpat-desktop" */ = {
			isa = XCConfigurationList;
			buildConfigurations = (
				5087E76D17EB910900C73F5D /* Debug */,
				5087E76E17EB910900C73F5D /* Release */,
			);
			defaultConfigurationIsVisible = 0;
			defaultConfigurationName = Debug;
		};
		C01FCF4E08A954540054247B /* Build configuration list for PBXProject "dadpat" */ = {
			isa = XCConfigurationList;
			buildConfigurations = (
				C01FCF4F08A954540054247B /* Debug */,
				C01FCF5008A954540054247B /* Release */,
			);
			defaultConfigurationIsVisible = 0;
			defaultConfigurationName = Debug;
		};
/* End XCConfigurationList section */
	};
	rootObject = 29B97313FDCFA39411CA2CEA /* Project object */;
}
